PODS:
  - IQKeyboardManager (6.5.6)
  - JGSourceBase (1.2.0):
    - JGSourceBase/AlertController (= 1.2.0)
    - JGSourceBase/Base (= 1.2.0)
    - JGSourceBase/Category (= 1.2.0)
    - JGSourceBase/HUD (= 1.2.0)
    - JGSourceBase/Reachability (= 1.2.0)
    - JGSourceBase/SecurityKeyboard (= 1.2.0)
  - JGSourceBase/AlertController (1.2.0):
    - JGSourceBase/Base
  - JGSourceBase/Base (1.2.0)
  - JGSourceBase/Category (1.2.0):
    - JGSourceBase/Base
  - JGSourceBase/HUD (1.2.0):
    - JGSourceBase/Category
    - JGSourceBase/HUD/LoadingHUD (= 1.2.0)
    - JGSourceBase/HUD/ToastHUD (= 1.2.0)
    - MBProgressHUD (~> 1.2.0)
  - JGSourceBase/HUD/LoadingHUD (1.2.0):
    - JGSourceBase/Category
    - MBProgressHUD (~> 1.2.0)
  - JGSourceBase/HUD/ToastHUD (1.2.0):
    - JGSourceBase/Category
    - MBProgressHUD (~> 1.2.0)
  - JGSourceBase/Reachability (1.2.0):
    - JGSourceBase/Base
  - JGSourceBase/SecurityKeyboard (1.2.0):
    - JGSourceBase/Category
  - Masonry (1.1.0)
  - MBProgressHUD (1.2.0)

DEPENDENCIES:
  - IQKeyboardManager (~> 6.5.6)
  - JGSourceBase (from `.`)
  - Masonry (from `https://github.com/SnapKit/Masonry.git`, commit `8bd77ea92bbe995e14c454f821200b222e5a8804`)

SPEC REPOS:
  trunk:
    - IQKeyboardManager
    - MBProgressHUD

EXTERNAL SOURCES:
  JGSourceBase:
    :path: "."
  Masonry:
    :commit: 8bd77ea92bbe995e14c454f821200b222e5a8804
    :git: https://github.com/SnapKit/Masonry.git

CHECKOUT OPTIONS:
  Masonry:
    :commit: 8bd77ea92bbe995e14c454f821200b222e5a8804
    :git: https://github.com/SnapKit/Masonry.git

SPEC CHECKSUMS:
  IQKeyboardManager: 2a6e97afdafc7becf0cb17a9a8d795e3a980717f
  JGSourceBase: caac57d40cb8f2ee9de1b520abec0d816df73cf0
  Masonry: 890751a1008d6f33a97b032f4ecad4870d7eed3a
  MBProgressHUD: 3ee5efcc380f6a79a7cc9b363dd669c5e1ae7406

PODFILE CHECKSUM: aea816af058c48a591d0e774128956225056dc9a

COCOAPODS: 1.10.1
