PODS:
  - IQKeyboardManager (6.5.9)
  - JGSourceBase (1.2.3):
    - JGSourceBase/Base (= 1.2.3)
    - JGSourceBase/Category (= 1.2.3)
    - JGSourceBase/DataStorage (= 1.2.3)
    - JGSourceBase/Device (= 1.2.3)
    - JGSourceBase/Encryption (= 1.2.3)
    - JGSourceBase/Reachability (= 1.2.3)
    - JGSourceBase/SecurityKeyboard (= 1.2.3)
  - JGSourceBase/Base (1.2.3)
  - JGSourceBase/Category (1.2.3):
    - JGSourceBase/Base
    - JGSourceBase/Category/NSDate (= 1.2.3)
    - JGSourceBase/Category/NSDictionary (= 1.2.3)
    - JGSourceBase/Category/NSObject (= 1.2.3)
    - JGSourceBase/Category/NSString (= 1.2.3)
    - JGSourceBase/Category/NSURL (= 1.2.3)
    - JGSourceBase/Category/UIAlertController (= 1.2.3)
    - JGSourceBase/Category/UIApplication (= 1.2.3)
    - JGSourceBase/Category/UIColor (= 1.2.3)
    - JGSourceBase/Category/UIImage (= 1.2.3)
  - JGSourceBase/Category/NSDate (1.2.3):
    - JGSourceBase/Base
  - JGSourceBase/Category/NSDictionary (1.2.3):
    - JGSourceBase/Base
  - JGSourceBase/Category/NSObject (1.2.3):
    - JGSourceBase/Base
  - JGSourceBase/Category/NSString (1.2.3):
    - JGSourceBase/Base
  - JGSourceBase/Category/NSURL (1.2.3):
    - JGSourceBase/Base
  - JGSourceBase/Category/UIAlertController (1.2.3):
    - JGSourceBase/Base
  - JGSourceBase/Category/UIApplication (1.2.3):
    - JGSourceBase/Base
  - JGSourceBase/Category/UIColor (1.2.3):
    - JGSourceBase/Base
  - JGSourceBase/Category/UIImage (1.2.3):
    - JGSourceBase/Base
  - JGSourceBase/DataStorage (1.2.3):
    - JGSourceBase/Base
  - JGSourceBase/Device (1.2.3):
    - JGSourceBase/Reachability
  - JGSourceBase/Encryption (1.2.3):
    - JGSourceBase/Base
  - JGSourceBase/Reachability (1.2.3):
    - JGSourceBase/Base
  - JGSourceBase/SecurityKeyboard (1.2.3):
    - JGSourceBase/Base
    - JGSourceBase/Category/UIColor
  - Masonry (1.1.0)

DEPENDENCIES:
  - IQKeyboardManager (~> 6.5.6)
  - JGSourceBase (from `.`)
  - Masonry (from `https://github.com/SnapKit/Masonry.git`, commit `8bd77ea92bbe995e14c454f821200b222e5a8804`)

SPEC REPOS:
  trunk:
    - IQKeyboardManager

EXTERNAL SOURCES:
  JGSourceBase:
    :path: "."
  Masonry:
    :commit: 8bd77ea92bbe995e14c454f821200b222e5a8804
    :git: https://github.com/SnapKit/Masonry.git

CHECKOUT OPTIONS:
  Masonry:
    :commit: 8bd77ea92bbe995e14c454f821200b222e5a8804
    :git: https://github.com/SnapKit/Masonry.git

SPEC CHECKSUMS:
  IQKeyboardManager: 241cc94ccabc9deb8f8bd7d12f00d73288d13ecc
  JGSourceBase: 14ad9fecfd40fa150c9cdc0c760495c56d167c5c
  Masonry: 890751a1008d6f33a97b032f4ecad4870d7eed3a

PODFILE CHECKSUM: 8418b1d73e489ffde8767cb261a69db8538197e2

COCOAPODS: 1.10.1
