// !$*UTF8*$!
{
	archiveVersion = 1;
	classes = {
	};
	objectVersion = 77;
	objects = {

/* Begin PBXBuildFile section */
		124C9D38C38DCDE6F2F5179E /* Pods_JGSourceBaseDemo.framework in Frameworks */ = {isa = PBXBuildFile; fileRef = C2A179B3F42C71020B3DA338 /* Pods_JGSourceBaseDemo.framework */; };
		D4AF962E2FE1362800570019 /* JGSourceBase.framework in Frameworks */ = {isa = PBXBuildFile; fileRef = D4AF962C2FE135D200570019 /* JGSourceBase.framework */; };
		D4AF962F2FE1362800570019 /* JGSourceBase.framework in Embed Frameworks */ = {isa = PBXBuildFile; fileRef = D4AF962C2FE135D200570019 /* JGSourceBase.framework */; settings = {ATTRIBUTES = (CodeSignOnCopy, RemoveHeadersOnCopy, ); }; };
		D4C5B2882FE2E34600FBE309 /* SnapKit in Frameworks */ = {isa = PBXBuildFile; productRef = D4C5B2872FE2E34600FBE309 /* SnapKit */; };
/* End PBXBuildFile section */

/* Begin PBXContainerItemProxy section */
		D42482422FE0544000C35E62 /* PBXContainerItemProxy */ = {
			isa = PBXContainerItemProxy;
			containerPortal = D42482232FE0543F00C35E62 /* Project object */;
			proxyType = 1;
			remoteGlobalIDString = D424822A2FE0543F00C35E62;
			remoteInfo = JGSourceBaseDemo;
		};
		D424824C2FE0544000C35E62 /* PBXContainerItemProxy */ = {
			isa = PBXContainerItemProxy;
			containerPortal = D42482232FE0543F00C35E62 /* Project object */;
			proxyType = 1;
			remoteGlobalIDString = D424822A2FE0543F00C35E62;
			remoteInfo = JGSourceBaseDemo;
		};
/* End PBXContainerItemProxy section */

/* Begin PBXCopyFilesBuildPhase section */
		D4AF96302FE1362800570019 /* Embed Frameworks */ = {
			isa = PBXCopyFilesBuildPhase;
			buildActionMask = 2147483647;
			dstPath = "";
			dstSubfolderSpec = 10;
			files = (
				D4AF962F2FE1362800570019 /* JGSourceBase.framework in Embed Frameworks */,
			);
			name = "Embed Frameworks";
			runOnlyForDeploymentPostprocessing = 0;
		};
/* End PBXCopyFilesBuildPhase section */

/* Begin PBXFileReference section */
		5720DBB5DEDDFF19E42326B4 /* Pods-JGSourceBaseDemo.debug.xcconfig */ = {isa = PBXFileReference; includeInIndex = 1; lastKnownFileType = text.xcconfig; name = "Pods-JGSourceBaseDemo.debug.xcconfig"; path = "Target Support Files/Pods-JGSourceBaseDemo/Pods-JGSourceBaseDemo.debug.xcconfig"; sourceTree = "<group>"; };
		C010A3A0929AD1CC53F81E3E /* Pods-JGSourceBaseDemo.release.xcconfig */ = {isa = PBXFileReference; includeInIndex = 1; lastKnownFileType = text.xcconfig; name = "Pods-JGSourceBaseDemo.release.xcconfig"; path = "Target Support Files/Pods-JGSourceBaseDemo/Pods-JGSourceBaseDemo.release.xcconfig"; sourceTree = "<group>"; };
		C2A179B3F42C71020B3DA338 /* Pods_JGSourceBaseDemo.framework */ = {isa = PBXFileReference; explicitFileType = wrapper.framework; includeInIndex = 0; path = Pods_JGSourceBaseDemo.framework; sourceTree = BUILT_PRODUCTS_DIR; };
		D424822B2FE0543F00C35E62 /* JGSourceBaseDemo.app */ = {isa = PBXFileReference; explicitFileType = wrapper.application; includeInIndex = 0; path = JGSourceBaseDemo.app; sourceTree = BUILT_PRODUCTS_DIR; };
		D42482412FE0544000C35E62 /* JGSourceBaseDemoTests.xctest */ = {isa = PBXFileReference; explicitFileType = wrapper.cfbundle; includeInIndex = 0; path = JGSourceBaseDemoTests.xctest; sourceTree = BUILT_PRODUCTS_DIR; };
		D424824B2FE0544000C35E62 /* JGSourceBaseDemoUITests.xctest */ = {isa = PBXFileReference; explicitFileType = wrapper.cfbundle; includeInIndex = 0; path = JGSourceBaseDemoUITests.xctest; sourceTree = BUILT_PRODUCTS_DIR; };
		D4AF962C2FE135D200570019 /* JGSourceBase.framework */ = {isa = PBXFileReference; explicitFileType = wrapper.framework; path = JGSourceBase.framework; sourceTree = BUILT_PRODUCTS_DIR; };
/* End PBXFileReference section */

/* Begin PBXFileSystemSynchronizedBuildFileExceptionSet section */
		D42482532FE0544000C35E62 /* Exceptions for "JGSourceBaseDemo" folder in "JGSourceBaseDemo" target */ = {
			isa = PBXFileSystemSynchronizedBuildFileExceptionSet;
			membershipExceptions = (
				Info.plist,
			);
			target = D424822A2FE0543F00C35E62 /* JGSourceBaseDemo */;
		};
/* End PBXFileSystemSynchronizedBuildFileExceptionSet section */

/* Begin PBXFileSystemSynchronizedRootGroup section */
		D424822D2FE0543F00C35E62 /* JGSourceBaseDemo */ = {
			isa = PBXFileSystemSynchronizedRootGroup;
			exceptions = (
				D42482532FE0544000C35E62 /* Exceptions for "JGSourceBaseDemo" folder in "JGSourceBaseDemo" target */,
			);
			path = JGSourceBaseDemo;
			sourceTree = "<group>";
		};
		D42482442FE0544000C35E62 /* JGSourceBaseDemoTests */ = {
			isa = PBXFileSystemSynchronizedRootGroup;
			path = JGSourceBaseDemoTests;
			sourceTree = "<group>";
		};
		D424824E2FE0544000C35E62 /* JGSourceBaseDemoUITests */ = {
			isa = PBXFileSystemSynchronizedRootGroup;
			path = JGSourceBaseDemoUITests;
			sourceTree = "<group>";
		};
/* End PBXFileSystemSynchronizedRootGroup section */

/* Begin PBXFrameworksBuildPhase section */
		D42482282FE0543F00C35E62 /* Frameworks */ = {
			isa = PBXFrameworksBuildPhase;
			buildActionMask = 2147483647;
			files = (
				D4AF962E2FE1362800570019 /* JGSourceBase.framework in Frameworks */,
				D4C5B2882FE2E34600FBE309 /* SnapKit in Frameworks */,
				124C9D38C38DCDE6F2F5179E /* Pods_JGSourceBaseDemo.framework in Frameworks */,
			);
			runOnlyForDeploymentPostprocessing = 0;
		};
		D424823E2FE0544000C35E62 /* Frameworks */ = {
			isa = PBXFrameworksBuildPhase;
			buildActionMask = 2147483647;
			files = (
			);
			runOnlyForDeploymentPostprocessing = 0;
		};
		D42482482FE0544000C35E62 /* Frameworks */ = {
			isa = PBXFrameworksBuildPhase;
			buildActionMask = 2147483647;
			files = (
			);
			runOnlyForDeploymentPostprocessing = 0;
		};
/* End PBXFrameworksBuildPhase section */

/* Begin PBXGroup section */
		025455C6E26B05C5D201A603 /* Pods */ = {
			isa = PBXGroup;
			children = (
				5720DBB5DEDDFF19E42326B4 /* Pods-JGSourceBaseDemo.debug.xcconfig */,
				C010A3A0929AD1CC53F81E3E /* Pods-JGSourceBaseDemo.release.xcconfig */,
			);
			name = Pods;
			path = ../Pods;
			sourceTree = "<group>";
		};
		D42482222FE0543F00C35E62 = {
			isa = PBXGroup;
			children = (
				D424822D2FE0543F00C35E62 /* JGSourceBaseDemo */,
				D42482442FE0544000C35E62 /* JGSourceBaseDemoTests */,
				D424824E2FE0544000C35E62 /* JGSourceBaseDemoUITests */,
				D4AF962B2FE135D200570019 /* Frameworks */,
				D424822C2FE0543F00C35E62 /* Products */,
				025455C6E26B05C5D201A603 /* Pods */,
			);
			sourceTree = "<group>";
		};
		D424822C2FE0543F00C35E62 /* Products */ = {
			isa = PBXGroup;
			children = (
				D424822B2FE0543F00C35E62 /* JGSourceBaseDemo.app */,
				D42482412FE0544000C35E62 /* JGSourceBaseDemoTests.xctest */,
				D424824B2FE0544000C35E62 /* JGSourceBaseDemoUITests.xctest */,
			);
			name = Products;
			sourceTree = "<group>";
		};
		D4AF962B2FE135D200570019 /* Frameworks */ = {
			isa = PBXGroup;
			children = (
				D4AF962C2FE135D200570019 /* JGSourceBase.framework */,
				C2A179B3F42C71020B3DA338 /* Pods_JGSourceBaseDemo.framework */,
			);
			name = Frameworks;
			sourceTree = "<group>";
		};
/* End PBXGroup section */

/* Begin PBXNativeTarget section */
		D424822A2FE0543F00C35E62 /* JGSourceBaseDemo */ = {
			isa = PBXNativeTarget;
			buildConfigurationList = D42482542FE0544000C35E62 /* Build configuration list for PBXNativeTarget "JGSourceBaseDemo" */;
			buildPhases = (
				985EC1D061765879FEFACE08 /* [CP] Check Pods Manifest.lock */,
				D4AAE6972FEF9A0300FBEE8A /* ShellScript */,
				D42482272FE0543F00C35E62 /* Sources */,
				D42482282FE0543F00C35E62 /* Frameworks */,
				D42482292FE0543F00C35E62 /* Resources */,
				D4AF96302FE1362800570019 /* Embed Frameworks */,
				EB369DF824E465657CAD8AA9 /* [CP] Embed Pods Frameworks */,
			);
			buildRules = (
			);
			dependencies = (
			);
			fileSystemSynchronizedGroups = (
				D424822D2FE0543F00C35E62 /* JGSourceBaseDemo */,
			);
			name = JGSourceBaseDemo;
			packageProductDependencies = (
				D4C5B2872FE2E34600FBE309 /* SnapKit */,
			);
			productName = JGSourceBaseDemo;
			productReference = D424822B2FE0543F00C35E62 /* JGSourceBaseDemo.app */;
			productType = "com.apple.product-type.application";
		};
		D42482402FE0544000C35E62 /* JGSourceBaseDemoTests */ = {
			isa = PBXNativeTarget;
			buildConfigurationList = D42482592FE0544000C35E62 /* Build configuration list for PBXNativeTarget "JGSourceBaseDemoTests" */;
			buildPhases = (
				D424823D2FE0544000C35E62 /* Sources */,
				D424823E2FE0544000C35E62 /* Frameworks */,
				D424823F2FE0544000C35E62 /* Resources */,
			);
			buildRules = (
			);
			dependencies = (
				D42482432FE0544000C35E62 /* PBXTargetDependency */,
			);
			fileSystemSynchronizedGroups = (
				D42482442FE0544000C35E62 /* JGSourceBaseDemoTests */,
			);
			name = JGSourceBaseDemoTests;
			productName = JGSourceBaseDemoTests;
			productReference = D42482412FE0544000C35E62 /* JGSourceBaseDemoTests.xctest */;
			productType = "com.apple.product-type.bundle.unit-test";
		};
		D424824A2FE0544000C35E62 /* JGSourceBaseDemoUITests */ = {
			isa = PBXNativeTarget;
			buildConfigurationList = D424825C2FE0544000C35E62 /* Build configuration list for PBXNativeTarget "JGSourceBaseDemoUITests" */;
			buildPhases = (
				D42482472FE0544000C35E62 /* Sources */,
				D42482482FE0544000C35E62 /* Frameworks */,
				D42482492FE0544000C35E62 /* Resources */,
			);
			buildRules = (
			);
			dependencies = (
				D424824D2FE0544000C35E62 /* PBXTargetDependency */,
			);
			fileSystemSynchronizedGroups = (
				D424824E2FE0544000C35E62 /* JGSourceBaseDemoUITests */,
			);
			name = JGSourceBaseDemoUITests;
			productName = JGSourceBaseDemoUITests;
			productReference = D424824B2FE0544000C35E62 /* JGSourceBaseDemoUITests.xctest */;
			productType = "com.apple.product-type.bundle.ui-testing";
		};
/* End PBXNativeTarget section */

/* Begin PBXProject section */
		D42482232FE0543F00C35E62 /* Project object */ = {
			isa = PBXProject;
			attributes = {
				BuildIndependentTargetsInParallel = 1;
				CLASSPREFIX = JGS;
				LastSwiftUpdateCheck = 2630;
				LastUpgradeCheck = 2630;
				ORGANIZATIONNAME = ByMountains;
				TargetAttributes = {
					D424822A2FE0543F00C35E62 = {
						CreatedOnToolsVersion = 26.3;
						LastSwiftMigration = 2630;
					};
					D42482402FE0544000C35E62 = {
						CreatedOnToolsVersion = 26.3;
						TestTargetID = D424822A2FE0543F00C35E62;
					};
					D424824A2FE0544000C35E62 = {
						CreatedOnToolsVersion = 26.3;
						TestTargetID = D424822A2FE0543F00C35E62;
					};
				};
			};
			buildConfigurationList = D42482262FE0543F00C35E62 /* Build configuration list for PBXProject "JGSourceBaseDemo" */;
			developmentRegion = en;
			hasScannedForEncodings = 0;
			knownRegions = (
				en,
				Base,
			);
			mainGroup = D42482222FE0543F00C35E62;
			minimizedProjectReferenceProxies = 1;
			packageReferences = (
				D4C5B2862FE2E34600FBE309 /* XCRemoteSwiftPackageReference "SnapKit" */,
			);
			preferredProjectObjectVersion = 77;
			productRefGroup = D424822C2FE0543F00C35E62 /* Products */;
			projectDirPath = "";
			projectRoot = "";
			targets = (
				D424822A2FE0543F00C35E62 /* JGSourceBaseDemo */,
				D42482402FE0544000C35E62 /* JGSourceBaseDemoTests */,
				D424824A2FE0544000C35E62 /* JGSourceBaseDemoUITests */,
			);
		};
/* End PBXProject section */

/* Begin PBXResourcesBuildPhase section */
		D42482292FE0543F00C35E62 /* Resources */ = {
			isa = PBXResourcesBuildPhase;
			buildActionMask = 2147483647;
			files = (
			);
			runOnlyForDeploymentPostprocessing = 0;
		};
		D424823F2FE0544000C35E62 /* Resources */ = {
			isa = PBXResourcesBuildPhase;
			buildActionMask = 2147483647;
			files = (
			);
			runOnlyForDeploymentPostprocessing = 0;
		};
		D42482492FE0544000C35E62 /* Resources */ = {
			isa = PBXResourcesBuildPhase;
			buildActionMask = 2147483647;
			files = (
			);
			runOnlyForDeploymentPostprocessing = 0;
		};
/* End PBXResourcesBuildPhase section */

/* Begin PBXShellScriptBuildPhase section */
		985EC1D061765879FEFACE08 /* [CP] Check Pods Manifest.lock */ = {
			isa = PBXShellScriptBuildPhase;
			buildActionMask = 2147483647;
			files = (
			);
			inputFileListPaths = (
			);
			inputPaths = (
				"${PODS_PODFILE_DIR_PATH}/Podfile.lock",
				"${PODS_ROOT}/Manifest.lock",
			);
			name = "[CP] Check Pods Manifest.lock";
			outputFileListPaths = (
			);
			outputPaths = (
				"$(DERIVED_FILE_DIR)/Pods-JGSourceBaseDemo-checkManifestLockResult.txt",
			);
			runOnlyForDeploymentPostprocessing = 0;
			shellPath = /bin/sh;
			shellScript = "diff \"${PODS_PODFILE_DIR_PATH}/Podfile.lock\" \"${PODS_ROOT}/Manifest.lock\" > /dev/null\nif [ $? != 0 ] ; then\n    # print error to STDERR\n    echo \"error: The sandbox is not in sync with the Podfile.lock. Run 'pod install' or update your CocoaPods installation.\" >&2\n    exit 1\nfi\n# This output is used by Xcode 'outputs' to avoid re-running this script phase.\necho \"SUCCESS\" > \"${SCRIPT_OUTPUT_FILE_0}\"\n";
			showEnvVarsInLog = 0;
		};
		D4AAE6972FEF9A0300FBEE8A /* ShellScript */ = {
			isa = PBXShellScriptBuildPhase;
			buildActionMask = 2147483647;
			files = (
			);
			inputFileListPaths = (
			);
			inputPaths = (
			);
			outputFileListPaths = (
			);
			outputPaths = (
			);
			runOnlyForDeploymentPostprocessing = 0;
			shellPath = /bin/sh;
			shellScript = "# Type a script or drag a script file from your workspace to insert its path.\n\necho \"${TARGET_NAME}修改配置文件\"\nShell_Path=\"${PROJECT_DIR}/../JGSScripts/JGSDemoBeforeCompile.sh\"\nchmod +x ${Shell_Path} # sh执行权限\n${Shell_Path} # 执行sh\n";
		};
		EB369DF824E465657CAD8AA9 /* [CP] Embed Pods Frameworks */ = {
			isa = PBXShellScriptBuildPhase;
			buildActionMask = 2147483647;
			files = (
			);
			inputFileListPaths = (
				"${PODS_ROOT}/Target Support Files/Pods-JGSourceBaseDemo/Pods-JGSourceBaseDemo-frameworks-${CONFIGURATION}-input-files.xcfilelist",
			);
			inputPaths = (
			);
			name = "[CP] Embed Pods Frameworks";
			outputFileListPaths = (
				"${PODS_ROOT}/Target Support Files/Pods-JGSourceBaseDemo/Pods-JGSourceBaseDemo-frameworks-${CONFIGURATION}-output-files.xcfilelist",
			);
			outputPaths = (
			);
			runOnlyForDeploymentPostprocessing = 0;
			shellPath = /bin/sh;
			shellScript = "\"${PODS_ROOT}/Target Support Files/Pods-JGSourceBaseDemo/Pods-JGSourceBaseDemo-frameworks.sh\"\n";
			showEnvVarsInLog = 0;
		};
/* End PBXShellScriptBuildPhase section */

/* Begin PBXSourcesBuildPhase section */
		D42482272FE0543F00C35E62 /* Sources */ = {
			isa = PBXSourcesBuildPhase;
			buildActionMask = 2147483647;
			files = (
			);
			runOnlyForDeploymentPostprocessing = 0;
		};
		D424823D2FE0544000C35E62 /* Sources */ = {
			isa = PBXSourcesBuildPhase;
			buildActionMask = 2147483647;
			files = (
			);
			runOnlyForDeploymentPostprocessing = 0;
		};
		D42482472FE0544000C35E62 /* Sources */ = {
			isa = PBXSourcesBuildPhase;
			buildActionMask = 2147483647;
			files = (
			);
			runOnlyForDeploymentPostprocessing = 0;
		};
/* End PBXSourcesBuildPhase section */

/* Begin PBXTargetDependency section */
		D42482432FE0544000C35E62 /* PBXTargetDependency */ = {
			isa = PBXTargetDependency;
			target = D424822A2FE0543F00C35E62 /* JGSourceBaseDemo */;
			targetProxy = D42482422FE0544000C35E62 /* PBXContainerItemProxy */;
		};
		D424824D2FE0544000C35E62 /* PBXTargetDependency */ = {
			isa = PBXTargetDependency;
			target = D424822A2FE0543F00C35E62 /* JGSourceBaseDemo */;
			targetProxy = D424824C2FE0544000C35E62 /* PBXContainerItemProxy */;
		};
/* End PBXTargetDependency section */

/* Begin XCBuildConfiguration section */
		D42482552FE0544000C35E62 /* Debug */ = {
			isa = XCBuildConfiguration;
			baseConfigurationReference = 5720DBB5DEDDFF19E42326B4 /* Pods-JGSourceBaseDemo.debug.xcconfig */;
			buildSettings = {
				ASSETCATALOG_COMPILER_APPICON_NAME = AppIcon;
				ASSETCATALOG_COMPILER_GLOBAL_ACCENT_COLOR_NAME = AccentColor;
				ASSETCATALOG_COMPILER_INCLUDE_ALL_APPICON_ASSETS = YES;
				CLANG_ENABLE_MODULES = YES;
				CODE_SIGN_STYLE = Automatic;
				CURRENT_PROJECT_VERSION = "$(JGSBuild)";
				DEVELOPMENT_TEAM = Z28L6TKG58;
				GENERATE_INFOPLIST_FILE = YES;
				INFOPLIST_FILE = JGSourceBaseDemo/Info.plist;
				INFOPLIST_KEY_UIApplicationSupportsIndirectInputEvents = YES;
				INFOPLIST_KEY_UILaunchStoryboardName = LaunchScreen.storyboard;
				INFOPLIST_KEY_UISupportedInterfaceOrientations_iPad = "UIInterfaceOrientationPortrait UIInterfaceOrientationPortraitUpsideDown UIInterfaceOrientationLandscapeLeft UIInterfaceOrientationLandscapeRight";
				INFOPLIST_KEY_UISupportedInterfaceOrientations_iPhone = "UIInterfaceOrientationPortrait UIInterfaceOrientationLandscapeLeft UIInterfaceOrientationLandscapeRight";
				LD_RUNPATH_SEARCH_PATHS = (
					"$(inherited)",
					"@executable_path/Frameworks",
				);
				MARKETING_VERSION = "${JGSVersion}";
				PRODUCT_BUNDLE_IDENTIFIER = com.meijigao.JGSourceBaseDemo;
				PRODUCT_NAME = "$(TARGET_NAME)";
				STRING_CATALOG_GENERATE_SYMBOLS = YES;
				SWIFT_APPROACHABLE_CONCURRENCY = YES;
				SWIFT_DEFAULT_ACTOR_ISOLATION = MainActor;
				SWIFT_EMIT_LOC_STRINGS = YES;
				SWIFT_OBJC_BRIDGING_HEADER = "JGSourceBaseDemo/Demo-Bridging-Header.h";
				SWIFT_OPTIMIZATION_LEVEL = "-Onone";
				SWIFT_UPCOMING_FEATURE_MEMBER_IMPORT_VISIBILITY = YES;
				SWIFT_VERSION = 5.0;
			};
			name = Debug;
		};
		D42482562FE0544000C35E62 /* Release */ = {
			isa = XCBuildConfiguration;
			baseConfigurationReference = C010A3A0929AD1CC53F81E3E /* Pods-JGSourceBaseDemo.release.xcconfig */;
			buildSettings = {
				ASSETCATALOG_COMPILER_APPICON_NAME = AppIcon;
				ASSETCATALOG_COMPILER_GLOBAL_ACCENT_COLOR_NAME = AccentColor;
				ASSETCATALOG_COMPILER_INCLUDE_ALL_APPICON_ASSETS = YES;
				CLANG_ENABLE_MODULES = YES;
				CODE_SIGN_STYLE = Automatic;
				CURRENT_PROJECT_VERSION = "$(JGSBuild)";
				DEVELOPMENT_TEAM = Z28L6TKG58;
				GENERATE_INFOPLIST_FILE = YES;
				INFOPLIST_FILE = JGSourceBaseDemo/Info.plist;
				INFOPLIST_KEY_UIApplicationSupportsIndirectInputEvents = YES;
				INFOPLIST_KEY_UILaunchStoryboardName = LaunchScreen.storyboard;
				INFOPLIST_KEY_UISupportedInterfaceOrientations_iPad = "UIInterfaceOrientationPortrait UIInterfaceOrientationPortraitUpsideDown UIInterfaceOrientationLandscapeLeft UIInterfaceOrientationLandscapeRight";
				INFOPLIST_KEY_UISupportedInterfaceOrientations_iPhone = "UIInterfaceOrientationPortrait UIInterfaceOrientationLandscapeLeft UIInterfaceOrientationLandscapeRight";
				LD_RUNPATH_SEARCH_PATHS = (
					"$(inherited)",
					"@executable_path/Frameworks",
				);
				MARKETING_VERSION = "${JGSVersion}";
				PRODUCT_BUNDLE_IDENTIFIER = com.meijigao.JGSourceBaseDemo;
				PRODUCT_NAME = "$(TARGET_NAME)";
				STRING_CATALOG_GENERATE_SYMBOLS = YES;
				SWIFT_APPROACHABLE_CONCURRENCY = YES;
				SWIFT_DEFAULT_ACTOR_ISOLATION = MainActor;
				SWIFT_EMIT_LOC_STRINGS = YES;
				SWIFT_OBJC_BRIDGING_HEADER = "JGSourceBaseDemo/Demo-Bridging-Header.h";
				SWIFT_UPCOMING_FEATURE_MEMBER_IMPORT_VISIBILITY = YES;
				SWIFT_VERSION = 5.0;
			};
			name = Release;
		};
		D42482572FE0544000C35E62 /* Debug */ = {
			isa = XCBuildConfiguration;
			buildSettings = {
				ALWAYS_SEARCH_USER_PATHS = NO;
				ASSETCATALOG_COMPILER_GENERATE_SWIFT_ASSET_SYMBOL_EXTENSIONS = YES;
				CLANG_ANALYZER_NONNULL = YES;
				CLANG_ANALYZER_NUMBER_OBJECT_CONVERSION = YES_AGGRESSIVE;
				CLANG_CXX_LANGUAGE_STANDARD = "gnu++20";
				CLANG_ENABLE_MODULES = YES;
				CLANG_ENABLE_OBJC_ARC = YES;
				CLANG_ENABLE_OBJC_WEAK = YES;
				CLANG_WARN_BLOCK_CAPTURE_AUTORELEASING = YES;
				CLANG_WARN_BOOL_CONVERSION = YES;
				CLANG_WARN_COMMA = YES;
				CLANG_WARN_CONSTANT_CONVERSION = YES;
				CLANG_WARN_DEPRECATED_OBJC_IMPLEMENTATIONS = YES;
				CLANG_WARN_DIRECT_OBJC_ISA_USAGE = YES_ERROR;
				CLANG_WARN_DOCUMENTATION_COMMENTS = YES;
				CLANG_WARN_EMPTY_BODY = YES;
				CLANG_WARN_ENUM_CONVERSION = YES;
				CLANG_WARN_INFINITE_RECURSION = YES;
				CLANG_WARN_INT_CONVERSION = YES;
				CLANG_WARN_NON_LITERAL_NULL_CONVERSION = YES;
				CLANG_WARN_OBJC_IMPLICIT_RETAIN_SELF = YES;
				CLANG_WARN_OBJC_LITERAL_CONVERSION = YES;
				CLANG_WARN_OBJC_ROOT_CLASS = YES_ERROR;
				CLANG_WARN_QUOTED_INCLUDE_IN_FRAMEWORK_HEADER = YES;
				CLANG_WARN_RANGE_LOOP_ANALYSIS = YES;
				CLANG_WARN_STRICT_PROTOTYPES = YES;
				CLANG_WARN_SUSPICIOUS_MOVE = YES;
				CLANG_WARN_UNGUARDED_AVAILABILITY = YES_AGGRESSIVE;
				CLANG_WARN_UNREACHABLE_CODE = YES;
				CLANG_WARN__DUPLICATE_METHOD_MATCH = YES;
				COPY_PHASE_STRIP = NO;
				DEBUG_INFORMATION_FORMAT = dwarf;
				DEVELOPMENT_TEAM = Z28L6TKG58;
				ENABLE_STRICT_OBJC_MSGSEND = YES;
				ENABLE_TESTABILITY = YES;
				ENABLE_USER_SCRIPT_SANDBOXING = NO;
				GCC_C_LANGUAGE_STANDARD = gnu17;
				GCC_DYNAMIC_NO_PIC = NO;
				GCC_NO_COMMON_BLOCKS = YES;
				GCC_OPTIMIZATION_LEVEL = 0;
				GCC_PREPROCESSOR_DEFINITIONS = (
					"DEBUG=1",
					"$(inherited)",
				);
				GCC_WARN_64_TO_32_BIT_CONVERSION = YES;
				GCC_WARN_ABOUT_RETURN_TYPE = YES_ERROR;
				GCC_WARN_UNDECLARED_SELECTOR = YES;
				GCC_WARN_UNINITIALIZED_AUTOS = YES_AGGRESSIVE;
				GCC_WARN_UNUSED_FUNCTION = YES;
				GCC_WARN_UNUSED_VARIABLE = YES;
				IPHONEOS_DEPLOYMENT_TARGET = 13;
				LOCALIZATION_PREFERS_STRING_CATALOGS = YES;
				MACOSX_DEPLOYMENT_TARGET = 26.0;
				MTL_ENABLE_DEBUG_INFO = INCLUDE_SOURCE;
				MTL_FAST_MATH = YES;
				ONLY_ACTIVE_ARCH = YES;
				SDKROOT = iphoneos;
				SWIFT_ACTIVE_COMPILATION_CONDITIONS = "DEBUG $(inherited)";
				SWIFT_OPTIMIZATION_LEVEL = "-Onone";
				SWIFT_VERSION = 6.0;
				TARGETED_DEVICE_FAMILY = "1,2";
			};
			name = Debug;
		};
		D42482582FE0544000C35E62 /* Release */ = {
			isa = XCBuildConfiguration;
			buildSettings = {
				ALWAYS_SEARCH_USER_PATHS = NO;
				ASSETCATALOG_COMPILER_GENERATE_SWIFT_ASSET_SYMBOL_EXTENSIONS = YES;
				CLANG_ANALYZER_NONNULL = YES;
				CLANG_ANALYZER_NUMBER_OBJECT_CONVERSION = YES_AGGRESSIVE;
				CLANG_CXX_LANGUAGE_STANDARD = "gnu++20";
				CLANG_ENABLE_MODULES = YES;
				CLANG_ENABLE_OBJC_ARC = YES;
				CLANG_ENABLE_OBJC_WEAK = YES;
				CLANG_WARN_BLOCK_CAPTURE_AUTORELEASING = YES;
				CLANG_WARN_BOOL_CONVERSION = YES;
				CLANG_WARN_COMMA = YES;
				CLANG_WARN_CONSTANT_CONVERSION = YES;
				CLANG_WARN_DEPRECATED_OBJC_IMPLEMENTATIONS = YES;
				CLANG_WARN_DIRECT_OBJC_ISA_USAGE = YES_ERROR;
				CLANG_WARN_DOCUMENTATION_COMMENTS = YES;
				CLANG_WARN_EMPTY_BODY = YES;
				CLANG_WARN_ENUM_CONVERSION = YES;
				CLANG_WARN_INFINITE_RECURSION = YES;
				CLANG_WARN_INT_CONVERSION = YES;
				CLANG_WARN_NON_LITERAL_NULL_CONVERSION = YES;
				CLANG_WARN_OBJC_IMPLICIT_RETAIN_SELF = YES;
				CLANG_WARN_OBJC_LITERAL_CONVERSION = YES;
				CLANG_WARN_OBJC_ROOT_CLASS = YES_ERROR;
				CLANG_WARN_QUOTED_INCLUDE_IN_FRAMEWORK_HEADER = YES;
				CLANG_WARN_RANGE_LOOP_ANALYSIS = YES;
				CLANG_WARN_STRICT_PROTOTYPES = YES;
				CLANG_WARN_SUSPICIOUS_MOVE = YES;
				CLANG_WARN_UNGUARDED_AVAILABILITY = YES_AGGRESSIVE;
				CLANG_WARN_UNREACHABLE_CODE = YES;
				CLANG_WARN__DUPLICATE_METHOD_MATCH = YES;
				COPY_PHASE_STRIP = NO;
				DEBUG_INFORMATION_FORMAT = "dwarf-with-dsym";
				DEVELOPMENT_TEAM = Z28L6TKG58;
				ENABLE_NS_ASSERTIONS = NO;
				ENABLE_STRICT_OBJC_MSGSEND = YES;
				ENABLE_USER_SCRIPT_SANDBOXING = NO;
				GCC_C_LANGUAGE_STANDARD = gnu17;
				GCC_NO_COMMON_BLOCKS = YES;
				GCC_WARN_64_TO_32_BIT_CONVERSION = YES;
				GCC_WARN_ABOUT_RETURN_TYPE = YES_ERROR;
				GCC_WARN_UNDECLARED_SELECTOR = YES;
				GCC_WARN_UNINITIALIZED_AUTOS = YES_AGGRESSIVE;
				GCC_WARN_UNUSED_FUNCTION = YES;
				GCC_WARN_UNUSED_VARIABLE = YES;
				IPHONEOS_DEPLOYMENT_TARGET = 13;
				LOCALIZATION_PREFERS_STRING_CATALOGS = YES;
				MACOSX_DEPLOYMENT_TARGET = 26.0;
				MTL_ENABLE_DEBUG_INFO = NO;
				MTL_FAST_MATH = YES;
				SDKROOT = iphoneos;
				SWIFT_COMPILATION_MODE = wholemodule;
				SWIFT_VERSION = 6.0;
				TARGETED_DEVICE_FAMILY = "1,2";
				VALIDATE_PRODUCT = YES;
			};
			name = Release;
		};
		D424825A2FE0544000C35E62 /* Debug */ = {
			isa = XCBuildConfiguration;
			buildSettings = {
				BUNDLE_LOADER = "$(TEST_HOST)";
				CODE_SIGN_STYLE = Automatic;
				CURRENT_PROJECT_VERSION = 1;
				DEVELOPMENT_TEAM = Z28L6TKG58;
				GENERATE_INFOPLIST_FILE = YES;
				MARKETING_VERSION = 1.0;
				PRODUCT_BUNDLE_IDENTIFIER = com.meijigao.JGSourceBaseDemoTests;
				PRODUCT_NAME = "$(TARGET_NAME)";
				STRING_CATALOG_GENERATE_SYMBOLS = NO;
				SWIFT_APPROACHABLE_CONCURRENCY = YES;
				SWIFT_EMIT_LOC_STRINGS = NO;
				SWIFT_UPCOMING_FEATURE_MEMBER_IMPORT_VISIBILITY = YES;
				TEST_HOST = "$(BUILT_PRODUCTS_DIR)/JGSourceBaseDemo.app/$(BUNDLE_EXECUTABLE_FOLDER_PATH)/JGSourceBaseDemo";
			};
			name = Debug;
		};
		D424825B2FE0544000C35E62 /* Release */ = {
			isa = XCBuildConfiguration;
			buildSettings = {
				BUNDLE_LOADER = "$(TEST_HOST)";
				CODE_SIGN_STYLE = Automatic;
				CURRENT_PROJECT_VERSION = 1;
				DEVELOPMENT_TEAM = Z28L6TKG58;
				GENERATE_INFOPLIST_FILE = YES;
				MARKETING_VERSION = 1.0;
				PRODUCT_BUNDLE_IDENTIFIER = com.meijigao.JGSourceBaseDemoTests;
				PRODUCT_NAME = "$(TARGET_NAME)";
				STRING_CATALOG_GENERATE_SYMBOLS = NO;
				SWIFT_APPROACHABLE_CONCURRENCY = YES;
				SWIFT_EMIT_LOC_STRINGS = NO;
				SWIFT_UPCOMING_FEATURE_MEMBER_IMPORT_VISIBILITY = YES;
				TEST_HOST = "$(BUILT_PRODUCTS_DIR)/JGSourceBaseDemo.app/$(BUNDLE_EXECUTABLE_FOLDER_PATH)/JGSourceBaseDemo";
			};
			name = Release;
		};
		D424825D2FE0544000C35E62 /* Debug */ = {
			isa = XCBuildConfiguration;
			buildSettings = {
				CODE_SIGN_STYLE = Automatic;
				CURRENT_PROJECT_VERSION = 1;
				DEVELOPMENT_TEAM = Z28L6TKG58;
				GENERATE_INFOPLIST_FILE = YES;
				MARKETING_VERSION = 1.0;
				PRODUCT_BUNDLE_IDENTIFIER = com.meijigao.JGSourceBaseDemoUITests;
				PRODUCT_NAME = "$(TARGET_NAME)";
				STRING_CATALOG_GENERATE_SYMBOLS = NO;
				SWIFT_APPROACHABLE_CONCURRENCY = YES;
				SWIFT_EMIT_LOC_STRINGS = NO;
				SWIFT_UPCOMING_FEATURE_MEMBER_IMPORT_VISIBILITY = YES;
				TEST_TARGET_NAME = JGSourceBaseDemo;
			};
			name = Debug;
		};
		D424825E2FE0544000C35E62 /* Release */ = {
			isa = XCBuildConfiguration;
			buildSettings = {
				CODE_SIGN_STYLE = Automatic;
				CURRENT_PROJECT_VERSION = 1;
				DEVELOPMENT_TEAM = Z28L6TKG58;
				GENERATE_INFOPLIST_FILE = YES;
				MARKETING_VERSION = 1.0;
				PRODUCT_BUNDLE_IDENTIFIER = com.meijigao.JGSourceBaseDemoUITests;
				PRODUCT_NAME = "$(TARGET_NAME)";
				STRING_CATALOG_GENERATE_SYMBOLS = NO;
				SWIFT_APPROACHABLE_CONCURRENCY = YES;
				SWIFT_EMIT_LOC_STRINGS = NO;
				SWIFT_UPCOMING_FEATURE_MEMBER_IMPORT_VISIBILITY = YES;
				TEST_TARGET_NAME = JGSourceBaseDemo;
			};
			name = Release;
		};
/* End XCBuildConfiguration section */

/* Begin XCConfigurationList section */
		D42482262FE0543F00C35E62 /* Build configuration list for PBXProject "JGSourceBaseDemo" */ = {
			isa = XCConfigurationList;
			buildConfigurations = (
				D42482572FE0544000C35E62 /* Debug */,
				D42482582FE0544000C35E62 /* Release */,
			);
			defaultConfigurationIsVisible = 0;
			defaultConfigurationName = Release;
		};
		D42482542FE0544000C35E62 /* Build configuration list for PBXNativeTarget "JGSourceBaseDemo" */ = {
			isa = XCConfigurationList;
			buildConfigurations = (
				D42482552FE0544000C35E62 /* Debug */,
				D42482562FE0544000C35E62 /* Release */,
			);
			defaultConfigurationIsVisible = 0;
			defaultConfigurationName = Release;
		};
		D42482592FE0544000C35E62 /* Build configuration list for PBXNativeTarget "JGSourceBaseDemoTests" */ = {
			isa = XCConfigurationList;
			buildConfigurations = (
				D424825A2FE0544000C35E62 /* Debug */,
				D424825B2FE0544000C35E62 /* Release */,
			);
			defaultConfigurationIsVisible = 0;
			defaultConfigurationName = Release;
		};
		D424825C2FE0544000C35E62 /* Build configuration list for PBXNativeTarget "JGSourceBaseDemoUITests" */ = {
			isa = XCConfigurationList;
			buildConfigurations = (
				D424825D2FE0544000C35E62 /* Debug */,
				D424825E2FE0544000C35E62 /* Release */,
			);
			defaultConfigurationIsVisible = 0;
			defaultConfigurationName = Release;
		};
/* End XCConfigurationList section */

/* Begin XCRemoteSwiftPackageReference section */
		D4C5B2862FE2E34600FBE309 /* XCRemoteSwiftPackageReference "SnapKit" */ = {
			isa = XCRemoteSwiftPackageReference;
			repositoryURL = "https://github.com/SnapKit/SnapKit.git";
			requirement = {
				kind = upToNextMajorVersion;
				minimumVersion = 5.7.1;
			};
		};
/* End XCRemoteSwiftPackageReference section */

/* Begin XCSwiftPackageProductDependency section */
		D4C5B2872FE2E34600FBE309 /* SnapKit */ = {
			isa = XCSwiftPackageProductDependency;
			package = D4C5B2862FE2E34600FBE309 /* XCRemoteSwiftPackageReference "SnapKit" */;
			productName = SnapKit;
		};
/* End XCSwiftPackageProductDependency section */
	};
	rootObject = D42482232FE0543F00C35E62 /* Project object */;
}
