// !$*UTF8*$!
{
	archiveVersion = 1;
	classes = {
	};
	objectVersion = 51;
	objects = {

/* Begin PBXBuildFile section */
		3BF9A33CF7782F761596FC82 /* libPods-JGSourceBaseDemo.a in Frameworks */ = {isa = PBXBuildFile; fileRef = F65894208A86508A1E8DB415 /* libPods-JGSourceBaseDemo.a */; };
		D41F36B8274520F000B3A95E /* LoadingWithAlpha-5.gif in Resources */ = {isa = PBXBuildFile; fileRef = D41F36B7274520F000B3A95E /* LoadingWithAlpha-5.gif */; };
		D4211E7126FF236C00E8E766 /* JGSDemoNavigationController.m in Sources */ = {isa = PBXBuildFile; fileRef = D4211E7026FF236C00E8E766 /* JGSDemoNavigationController.m */; };
		D49BD78B26F18AA9005C3AED /* JGSDataStorageDemoViewController.m in Sources */ = {isa = PBXBuildFile; fileRef = D49BD78A26F18AA9005C3AED /* JGSDataStorageDemoViewController.m */; };
		D49BD78E26F18ACA005C3AED /* JGSDeviceDemoViewController.m in Sources */ = {isa = PBXBuildFile; fileRef = D49BD78D26F18ACA005C3AED /* JGSDeviceDemoViewController.m */; };
		D49BD79126F18AE4005C3AED /* JGSEncryptionDemoViewController.m in Sources */ = {isa = PBXBuildFile; fileRef = D49BD79026F18AE4005C3AED /* JGSEncryptionDemoViewController.m */; };
		D49BD79426F2066D005C3AED /* JGSDemoTableViewController.m in Sources */ = {isa = PBXBuildFile; fileRef = D49BD79326F2066D005C3AED /* JGSDemoTableViewController.m */; };
		D49BD79726F20E28005C3AED /* JGSDemoViewController.m in Sources */ = {isa = PBXBuildFile; fileRef = D49BD79626F20E28005C3AED /* JGSDemoViewController.m */; };
		D4C21BA0274520980001E928 /* LoadingWithoutAlpha-1.gif in Resources */ = {isa = PBXBuildFile; fileRef = D4C21B9B274520980001E928 /* LoadingWithoutAlpha-1.gif */; };
		D4C21BA1274520980001E928 /* LoadingWithAlpha-1.gif in Resources */ = {isa = PBXBuildFile; fileRef = D4C21B9C274520980001E928 /* LoadingWithAlpha-1.gif */; };
		D4C21BA2274520980001E928 /* LoadingWithAlpha-4.gif in Resources */ = {isa = PBXBuildFile; fileRef = D4C21B9D274520980001E928 /* LoadingWithAlpha-4.gif */; };
		D4C21BA3274520980001E928 /* LoadingWithAlpha-3.gif in Resources */ = {isa = PBXBuildFile; fileRef = D4C21B9E274520980001E928 /* LoadingWithAlpha-3.gif */; };
		D4C21BA4274520980001E928 /* LoadingWithAlpha-2.gif in Resources */ = {isa = PBXBuildFile; fileRef = D4C21B9F274520980001E928 /* LoadingWithAlpha-2.gif */; };
		D4F3DA5E22F027E1002EF0F0 /* AppDelegate.m in Sources */ = {isa = PBXBuildFile; fileRef = D4F3DA5D22F027E1002EF0F0 /* AppDelegate.m */; };
		D4F3DA6122F027E1002EF0F0 /* ViewController.m in Sources */ = {isa = PBXBuildFile; fileRef = D4F3DA6022F027E1002EF0F0 /* ViewController.m */; };
		D4F3DA6622F027E1002EF0F0 /* Assets.xcassets in Resources */ = {isa = PBXBuildFile; fileRef = D4F3DA6522F027E1002EF0F0 /* Assets.xcassets */; };
		D4F3DA6922F027E1002EF0F0 /* LaunchScreen.storyboard in Resources */ = {isa = PBXBuildFile; fileRef = D4F3DA6722F027E1002EF0F0 /* LaunchScreen.storyboard */; };
		D4F3DA6C22F027E1002EF0F0 /* main.m in Sources */ = {isa = PBXBuildFile; fileRef = D4F3DA6B22F027E1002EF0F0 /* main.m */; };
		D4F3DA8922F0292B002EF0F0 /* JGSCategoryDemoViewController.m in Sources */ = {isa = PBXBuildFile; fileRef = D4F3DA8122F0292B002EF0F0 /* JGSCategoryDemoViewController.m */; };
		D4F3DA8A22F0292B002EF0F0 /* JGSKeyboardDemoViewController.m in Sources */ = {isa = PBXBuildFile; fileRef = D4F3DA8222F0292B002EF0F0 /* JGSKeyboardDemoViewController.m */; };
		D4F3DA8B22F0292B002EF0F0 /* JGSHUDDemoViewController.m in Sources */ = {isa = PBXBuildFile; fileRef = D4F3DA8322F0292B002EF0F0 /* JGSHUDDemoViewController.m */; };
		D4F3DA8C22F0292B002EF0F0 /* JGSDemoTableData.m in Sources */ = {isa = PBXBuildFile; fileRef = D4F3DA8722F0292B002EF0F0 /* JGSDemoTableData.m */; };
/* End PBXBuildFile section */

/* Begin PBXFileReference section */
		710D4D80C389569E98EAD95B /* Pods-JGSourceBaseDemo.debug.xcconfig */ = {isa = PBXFileReference; includeInIndex = 1; lastKnownFileType = text.xcconfig; name = "Pods-JGSourceBaseDemo.debug.xcconfig"; path = "Target Support Files/Pods-JGSourceBaseDemo/Pods-JGSourceBaseDemo.debug.xcconfig"; sourceTree = "<group>"; };
		92F1F5230A6069958E6FE346 /* Pods-JGSourceBaseDemo.release.xcconfig */ = {isa = PBXFileReference; includeInIndex = 1; lastKnownFileType = text.xcconfig; name = "Pods-JGSourceBaseDemo.release.xcconfig"; path = "Target Support Files/Pods-JGSourceBaseDemo/Pods-JGSourceBaseDemo.release.xcconfig"; sourceTree = "<group>"; };
		D41F36B7274520F000B3A95E /* LoadingWithAlpha-5.gif */ = {isa = PBXFileReference; lastKnownFileType = image.gif; path = "LoadingWithAlpha-5.gif"; sourceTree = "<group>"; };
		D4211E6F26FF236C00E8E766 /* JGSDemoNavigationController.h */ = {isa = PBXFileReference; lastKnownFileType = sourcecode.c.h; path = JGSDemoNavigationController.h; sourceTree = "<group>"; };
		D4211E7026FF236C00E8E766 /* JGSDemoNavigationController.m */ = {isa = PBXFileReference; lastKnownFileType = sourcecode.c.objc; path = JGSDemoNavigationController.m; sourceTree = "<group>"; };
		D49BD78926F18AA9005C3AED /* JGSDataStorageDemoViewController.h */ = {isa = PBXFileReference; lastKnownFileType = sourcecode.c.h; path = JGSDataStorageDemoViewController.h; sourceTree = "<group>"; };
		D49BD78A26F18AA9005C3AED /* JGSDataStorageDemoViewController.m */ = {isa = PBXFileReference; lastKnownFileType = sourcecode.c.objc; path = JGSDataStorageDemoViewController.m; sourceTree = "<group>"; };
		D49BD78C26F18ACA005C3AED /* JGSDeviceDemoViewController.h */ = {isa = PBXFileReference; lastKnownFileType = sourcecode.c.h; path = JGSDeviceDemoViewController.h; sourceTree = "<group>"; };
		D49BD78D26F18ACA005C3AED /* JGSDeviceDemoViewController.m */ = {isa = PBXFileReference; lastKnownFileType = sourcecode.c.objc; path = JGSDeviceDemoViewController.m; sourceTree = "<group>"; };
		D49BD78F26F18AE4005C3AED /* JGSEncryptionDemoViewController.h */ = {isa = PBXFileReference; lastKnownFileType = sourcecode.c.h; path = JGSEncryptionDemoViewController.h; sourceTree = "<group>"; };
		D49BD79026F18AE4005C3AED /* JGSEncryptionDemoViewController.m */ = {isa = PBXFileReference; lastKnownFileType = sourcecode.c.objc; path = JGSEncryptionDemoViewController.m; sourceTree = "<group>"; };
		D49BD79226F2066D005C3AED /* JGSDemoTableViewController.h */ = {isa = PBXFileReference; lastKnownFileType = sourcecode.c.h; path = JGSDemoTableViewController.h; sourceTree = "<group>"; };
		D49BD79326F2066D005C3AED /* JGSDemoTableViewController.m */ = {isa = PBXFileReference; lastKnownFileType = sourcecode.c.objc; path = JGSDemoTableViewController.m; sourceTree = "<group>"; };
		D49BD79526F20E28005C3AED /* JGSDemoViewController.h */ = {isa = PBXFileReference; lastKnownFileType = sourcecode.c.h; path = JGSDemoViewController.h; sourceTree = "<group>"; };
		D49BD79626F20E28005C3AED /* JGSDemoViewController.m */ = {isa = PBXFileReference; lastKnownFileType = sourcecode.c.objc; path = JGSDemoViewController.m; sourceTree = "<group>"; };
		D4AE4EDD26E614E4008174BE /* JGSourceBaseDemo.entitlements */ = {isa = PBXFileReference; lastKnownFileType = text.plist.entitlements; path = JGSourceBaseDemo.entitlements; sourceTree = "<group>"; };
		D4C21B9B274520980001E928 /* LoadingWithoutAlpha-1.gif */ = {isa = PBXFileReference; lastKnownFileType = image.gif; path = "LoadingWithoutAlpha-1.gif"; sourceTree = "<group>"; };
		D4C21B9C274520980001E928 /* LoadingWithAlpha-1.gif */ = {isa = PBXFileReference; lastKnownFileType = image.gif; path = "LoadingWithAlpha-1.gif"; sourceTree = "<group>"; };
		D4C21B9D274520980001E928 /* LoadingWithAlpha-4.gif */ = {isa = PBXFileReference; lastKnownFileType = image.gif; path = "LoadingWithAlpha-4.gif"; sourceTree = "<group>"; };
		D4C21B9E274520980001E928 /* LoadingWithAlpha-3.gif */ = {isa = PBXFileReference; lastKnownFileType = image.gif; path = "LoadingWithAlpha-3.gif"; sourceTree = "<group>"; };
		D4C21B9F274520980001E928 /* LoadingWithAlpha-2.gif */ = {isa = PBXFileReference; lastKnownFileType = image.gif; path = "LoadingWithAlpha-2.gif"; sourceTree = "<group>"; };
		D4D2E88225ADBA5D0048A789 /* PrefixHeader.pch */ = {isa = PBXFileReference; lastKnownFileType = sourcecode.c.h; path = PrefixHeader.pch; sourceTree = "<group>"; };
		D4F3DA5922F027E1002EF0F0 /* JGSourceBaseDemo.app */ = {isa = PBXFileReference; explicitFileType = wrapper.application; includeInIndex = 0; path = JGSourceBaseDemo.app; sourceTree = BUILT_PRODUCTS_DIR; };
		D4F3DA5C22F027E1002EF0F0 /* AppDelegate.h */ = {isa = PBXFileReference; lastKnownFileType = sourcecode.c.h; path = AppDelegate.h; sourceTree = "<group>"; };
		D4F3DA5D22F027E1002EF0F0 /* AppDelegate.m */ = {isa = PBXFileReference; lastKnownFileType = sourcecode.c.objc; path = AppDelegate.m; sourceTree = "<group>"; };
		D4F3DA5F22F027E1002EF0F0 /* ViewController.h */ = {isa = PBXFileReference; lastKnownFileType = sourcecode.c.h; path = ViewController.h; sourceTree = "<group>"; };
		D4F3DA6022F027E1002EF0F0 /* ViewController.m */ = {isa = PBXFileReference; lastKnownFileType = sourcecode.c.objc; path = ViewController.m; sourceTree = "<group>"; };
		D4F3DA6522F027E1002EF0F0 /* Assets.xcassets */ = {isa = PBXFileReference; lastKnownFileType = folder.assetcatalog; path = Assets.xcassets; sourceTree = "<group>"; };
		D4F3DA6822F027E1002EF0F0 /* Base */ = {isa = PBXFileReference; lastKnownFileType = file.storyboard; name = Base; path = Base.lproj/LaunchScreen.storyboard; sourceTree = "<group>"; };
		D4F3DA6A22F027E1002EF0F0 /* Info.plist */ = {isa = PBXFileReference; lastKnownFileType = text.plist.xml; path = Info.plist; sourceTree = "<group>"; };
		D4F3DA6B22F027E1002EF0F0 /* main.m */ = {isa = PBXFileReference; lastKnownFileType = sourcecode.c.objc; path = main.m; sourceTree = "<group>"; };
		D4F3DA8022F0292B002EF0F0 /* JGSHUDDemoViewController.h */ = {isa = PBXFileReference; fileEncoding = 4; lastKnownFileType = sourcecode.c.h; path = JGSHUDDemoViewController.h; sourceTree = "<group>"; };
		D4F3DA8122F0292B002EF0F0 /* JGSCategoryDemoViewController.m */ = {isa = PBXFileReference; fileEncoding = 4; lastKnownFileType = sourcecode.c.objc; path = JGSCategoryDemoViewController.m; sourceTree = "<group>"; };
		D4F3DA8222F0292B002EF0F0 /* JGSKeyboardDemoViewController.m */ = {isa = PBXFileReference; fileEncoding = 4; lastKnownFileType = sourcecode.c.objc; path = JGSKeyboardDemoViewController.m; sourceTree = "<group>"; };
		D4F3DA8322F0292B002EF0F0 /* JGSHUDDemoViewController.m */ = {isa = PBXFileReference; fileEncoding = 4; lastKnownFileType = sourcecode.c.objc; path = JGSHUDDemoViewController.m; sourceTree = "<group>"; };
		D4F3DA8422F0292B002EF0F0 /* JGSCategoryDemoViewController.h */ = {isa = PBXFileReference; fileEncoding = 4; lastKnownFileType = sourcecode.c.h; path = JGSCategoryDemoViewController.h; sourceTree = "<group>"; };
		D4F3DA8522F0292B002EF0F0 /* JGSKeyboardDemoViewController.h */ = {isa = PBXFileReference; fileEncoding = 4; lastKnownFileType = sourcecode.c.h; path = JGSKeyboardDemoViewController.h; sourceTree = "<group>"; };
		D4F3DA8722F0292B002EF0F0 /* JGSDemoTableData.m */ = {isa = PBXFileReference; fileEncoding = 4; lastKnownFileType = sourcecode.c.objc; path = JGSDemoTableData.m; sourceTree = "<group>"; };
		D4F3DA8822F0292B002EF0F0 /* JGSDemoTableData.h */ = {isa = PBXFileReference; fileEncoding = 4; lastKnownFileType = sourcecode.c.h; path = JGSDemoTableData.h; sourceTree = "<group>"; };
		F65894208A86508A1E8DB415 /* libPods-JGSourceBaseDemo.a */ = {isa = PBXFileReference; explicitFileType = archive.ar; includeInIndex = 0; path = "libPods-JGSourceBaseDemo.a"; sourceTree = BUILT_PRODUCTS_DIR; };
/* End PBXFileReference section */

/* Begin PBXFrameworksBuildPhase section */
		D4F3DA5622F027E1002EF0F0 /* Frameworks */ = {
			isa = PBXFrameworksBuildPhase;
			buildActionMask = 2147483647;
			files = (
				3BF9A33CF7782F761596FC82 /* libPods-JGSourceBaseDemo.a in Frameworks */,
			);
			runOnlyForDeploymentPostprocessing = 0;
		};
/* End PBXFrameworksBuildPhase section */

/* Begin PBXGroup section */
		56BBD6D34D44E07743C460BA /* Pods */ = {
			isa = PBXGroup;
			children = (
				710D4D80C389569E98EAD95B /* Pods-JGSourceBaseDemo.debug.xcconfig */,
				92F1F5230A6069958E6FE346 /* Pods-JGSourceBaseDemo.release.xcconfig */,
			);
			name = Pods;
			path = ../Pods;
			sourceTree = "<group>";
		};
		6C9FA540B3FADD9F0305330C /* Frameworks */ = {
			isa = PBXGroup;
			children = (
				F65894208A86508A1E8DB415 /* libPods-JGSourceBaseDemo.a */,
			);
			name = Frameworks;
			sourceTree = "<group>";
		};
		D4C21B99274520560001E928 /* Resources */ = {
			isa = PBXGroup;
			children = (
				D4C21B9A2745206D0001E928 /* Loading */,
			);
			path = Resources;
			sourceTree = "<group>";
		};
		D4C21B9A2745206D0001E928 /* Loading */ = {
			isa = PBXGroup;
			children = (
				D4C21B9C274520980001E928 /* LoadingWithAlpha-1.gif */,
				D4C21B9F274520980001E928 /* LoadingWithAlpha-2.gif */,
				D4C21B9E274520980001E928 /* LoadingWithAlpha-3.gif */,
				D4C21B9D274520980001E928 /* LoadingWithAlpha-4.gif */,
				D41F36B7274520F000B3A95E /* LoadingWithAlpha-5.gif */,
				D4C21B9B274520980001E928 /* LoadingWithoutAlpha-1.gif */,
			);
			path = Loading;
			sourceTree = "<group>";
		};
		D4F3DA5022F027E1002EF0F0 = {
			isa = PBXGroup;
			children = (
				D4F3DA5B22F027E1002EF0F0 /* JGSourceBaseDemo */,
				6C9FA540B3FADD9F0305330C /* Frameworks */,
				56BBD6D34D44E07743C460BA /* Pods */,
				D4F3DA5A22F027E1002EF0F0 /* Products */,
			);
			sourceTree = "<group>";
		};
		D4F3DA5A22F027E1002EF0F0 /* Products */ = {
			isa = PBXGroup;
			children = (
				D4F3DA5922F027E1002EF0F0 /* JGSourceBaseDemo.app */,
			);
			name = Products;
			sourceTree = "<group>";
		};
		D4F3DA5B22F027E1002EF0F0 /* JGSourceBaseDemo */ = {
			isa = PBXGroup;
			children = (
				D4AE4EDD26E614E4008174BE /* JGSourceBaseDemo.entitlements */,
				D4F3DA7F22F0292B002EF0F0 /* Classes */,
				D4C21B99274520560001E928 /* Resources */,
				D4F3DA5C22F027E1002EF0F0 /* AppDelegate.h */,
				D4F3DA5D22F027E1002EF0F0 /* AppDelegate.m */,
				D4F3DA5F22F027E1002EF0F0 /* ViewController.h */,
				D4F3DA6022F027E1002EF0F0 /* ViewController.m */,
				D4F3DA6522F027E1002EF0F0 /* Assets.xcassets */,
				D4F3DA6722F027E1002EF0F0 /* LaunchScreen.storyboard */,
				D4F3DA6A22F027E1002EF0F0 /* Info.plist */,
				D4F3DA6B22F027E1002EF0F0 /* main.m */,
				D4D2E88225ADBA5D0048A789 /* PrefixHeader.pch */,
			);
			path = JGSourceBaseDemo;
			sourceTree = "<group>";
		};
		D4F3DA7F22F0292B002EF0F0 /* Classes */ = {
			isa = PBXGroup;
			children = (
				D4F3DA8622F0292B002EF0F0 /* Base */,
				D4F3DA8422F0292B002EF0F0 /* JGSCategoryDemoViewController.h */,
				D4F3DA8122F0292B002EF0F0 /* JGSCategoryDemoViewController.m */,
				D49BD78926F18AA9005C3AED /* JGSDataStorageDemoViewController.h */,
				D49BD78A26F18AA9005C3AED /* JGSDataStorageDemoViewController.m */,
				D49BD78C26F18ACA005C3AED /* JGSDeviceDemoViewController.h */,
				D49BD78D26F18ACA005C3AED /* JGSDeviceDemoViewController.m */,
				D49BD78F26F18AE4005C3AED /* JGSEncryptionDemoViewController.h */,
				D49BD79026F18AE4005C3AED /* JGSEncryptionDemoViewController.m */,
				D4F3DA8022F0292B002EF0F0 /* JGSHUDDemoViewController.h */,
				D4F3DA8322F0292B002EF0F0 /* JGSHUDDemoViewController.m */,
				D4F3DA8522F0292B002EF0F0 /* JGSKeyboardDemoViewController.h */,
				D4F3DA8222F0292B002EF0F0 /* JGSKeyboardDemoViewController.m */,
			);
			path = Classes;
			sourceTree = "<group>";
		};
		D4F3DA8622F0292B002EF0F0 /* Base */ = {
			isa = PBXGroup;
			children = (
				D4211E6F26FF236C00E8E766 /* JGSDemoNavigationController.h */,
				D4211E7026FF236C00E8E766 /* JGSDemoNavigationController.m */,
				D4F3DA8822F0292B002EF0F0 /* JGSDemoTableData.h */,
				D4F3DA8722F0292B002EF0F0 /* JGSDemoTableData.m */,
				D49BD79226F2066D005C3AED /* JGSDemoTableViewController.h */,
				D49BD79326F2066D005C3AED /* JGSDemoTableViewController.m */,
				D49BD79526F20E28005C3AED /* JGSDemoViewController.h */,
				D49BD79626F20E28005C3AED /* JGSDemoViewController.m */,
			);
			path = Base;
			sourceTree = "<group>";
		};
/* End PBXGroup section */

/* Begin PBXNativeTarget section */
		D4F3DA5822F027E1002EF0F0 /* JGSourceBaseDemo */ = {
			isa = PBXNativeTarget;
			buildConfigurationList = D4F3DA6F22F027E1002EF0F0 /* Build configuration list for PBXNativeTarget "JGSourceBaseDemo" */;
			buildPhases = (
				4DE411687EC10914F45A7751 /* [CP] Check Pods Manifest.lock */,
				D4F3DA5522F027E1002EF0F0 /* Sources */,
				D4F3DA5622F027E1002EF0F0 /* Frameworks */,
				D4F3DA5722F027E1002EF0F0 /* Resources */,
				632C13023D993A116E76261C /* [CP] Copy Pods Resources */,
			);
			buildRules = (
			);
			dependencies = (
			);
			name = JGSourceBaseDemo;
			productName = JGSourceBaseDemo;
			productReference = D4F3DA5922F027E1002EF0F0 /* JGSourceBaseDemo.app */;
			productType = "com.apple.product-type.application";
		};
/* End PBXNativeTarget section */

/* Begin PBXProject section */
		D4F3DA5122F027E1002EF0F0 /* Project object */ = {
			isa = PBXProject;
			attributes = {
				DefaultBuildSystemTypeForWorkspace = Latest;
				LastSwiftUpdateCheck = 1230;
				LastUpgradeCheck = 1240;
				ORGANIZATIONNAME = MeiJigao;
				TargetAttributes = {
					D4F3DA5822F027E1002EF0F0 = {
						CreatedOnToolsVersion = 10.3;
					};
				};
			};
			buildConfigurationList = D4F3DA5422F027E1002EF0F0 /* Build configuration list for PBXProject "JGSourceBaseDemo" */;
			compatibilityVersion = "Xcode 9.3";
			developmentRegion = en;
			hasScannedForEncodings = 0;
			knownRegions = (
				en,
				Base,
			);
			mainGroup = D4F3DA5022F027E1002EF0F0;
			productRefGroup = D4F3DA5A22F027E1002EF0F0 /* Products */;
			projectDirPath = "";
			projectRoot = "";
			targets = (
				D4F3DA5822F027E1002EF0F0 /* JGSourceBaseDemo */,
			);
		};
/* End PBXProject section */

/* Begin PBXResourcesBuildPhase section */
		D4F3DA5722F027E1002EF0F0 /* Resources */ = {
			isa = PBXResourcesBuildPhase;
			buildActionMask = 2147483647;
			files = (
				D4C21BA1274520980001E928 /* LoadingWithAlpha-1.gif in Resources */,
				D4C21BA2274520980001E928 /* LoadingWithAlpha-4.gif in Resources */,
				D4C21BA3274520980001E928 /* LoadingWithAlpha-3.gif in Resources */,
				D4C21BA0274520980001E928 /* LoadingWithoutAlpha-1.gif in Resources */,
				D4C21BA4274520980001E928 /* LoadingWithAlpha-2.gif in Resources */,
				D4F3DA6922F027E1002EF0F0 /* LaunchScreen.storyboard in Resources */,
				D41F36B8274520F000B3A95E /* LoadingWithAlpha-5.gif in Resources */,
				D4F3DA6622F027E1002EF0F0 /* Assets.xcassets in Resources */,
			);
			runOnlyForDeploymentPostprocessing = 0;
		};
/* End PBXResourcesBuildPhase section */

/* Begin PBXShellScriptBuildPhase section */
		4DE411687EC10914F45A7751 /* [CP] Check Pods Manifest.lock */ = {
			isa = PBXShellScriptBuildPhase;
			buildActionMask = 2147483647;
			files = (
			);
			inputFileListPaths = (
			);
			inputPaths = (
				"${PODS_PODFILE_DIR_PATH}/Podfile.lock",
				"${PODS_ROOT}/Manifest.lock",
			);
			name = "[CP] Check Pods Manifest.lock";
			outputFileListPaths = (
			);
			outputPaths = (
				"$(DERIVED_FILE_DIR)/Pods-JGSourceBaseDemo-checkManifestLockResult.txt",
			);
			runOnlyForDeploymentPostprocessing = 0;
			shellPath = /bin/sh;
			shellScript = "diff \"${PODS_PODFILE_DIR_PATH}/Podfile.lock\" \"${PODS_ROOT}/Manifest.lock\" > /dev/null\nif [ $? != 0 ] ; then\n    # print error to STDERR\n    echo \"error: The sandbox is not in sync with the Podfile.lock. Run 'pod install' or update your CocoaPods installation.\" >&2\n    exit 1\nfi\n# This output is used by Xcode 'outputs' to avoid re-running this script phase.\necho \"SUCCESS\" > \"${SCRIPT_OUTPUT_FILE_0}\"\n";
			showEnvVarsInLog = 0;
		};
		632C13023D993A116E76261C /* [CP] Copy Pods Resources */ = {
			isa = PBXShellScriptBuildPhase;
			buildActionMask = 2147483647;
			files = (
			);
			inputFileListPaths = (
				"${PODS_ROOT}/Target Support Files/Pods-JGSourceBaseDemo/Pods-JGSourceBaseDemo-resources-${CONFIGURATION}-input-files.xcfilelist",
			);
			name = "[CP] Copy Pods Resources";
			outputFileListPaths = (
				"${PODS_ROOT}/Target Support Files/Pods-JGSourceBaseDemo/Pods-JGSourceBaseDemo-resources-${CONFIGURATION}-output-files.xcfilelist",
			);
			runOnlyForDeploymentPostprocessing = 0;
			shellPath = /bin/sh;
			shellScript = "\"${PODS_ROOT}/Target Support Files/Pods-JGSourceBaseDemo/Pods-JGSourceBaseDemo-resources.sh\"\n";
			showEnvVarsInLog = 0;
		};
/* End PBXShellScriptBuildPhase section */

/* Begin PBXSourcesBuildPhase section */
		D4F3DA5522F027E1002EF0F0 /* Sources */ = {
			isa = PBXSourcesBuildPhase;
			buildActionMask = 2147483647;
			files = (
				D4F3DA8A22F0292B002EF0F0 /* JGSKeyboardDemoViewController.m in Sources */,
				D4F3DA6122F027E1002EF0F0 /* ViewController.m in Sources */,
				D4F3DA8922F0292B002EF0F0 /* JGSCategoryDemoViewController.m in Sources */,
				D4F3DA8C22F0292B002EF0F0 /* JGSDemoTableData.m in Sources */,
				D49BD78B26F18AA9005C3AED /* JGSDataStorageDemoViewController.m in Sources */,
				D4F3DA6C22F027E1002EF0F0 /* main.m in Sources */,
				D49BD79726F20E28005C3AED /* JGSDemoViewController.m in Sources */,
				D4F3DA8B22F0292B002EF0F0 /* JGSHUDDemoViewController.m in Sources */,
				D49BD79426F2066D005C3AED /* JGSDemoTableViewController.m in Sources */,
				D49BD78E26F18ACA005C3AED /* JGSDeviceDemoViewController.m in Sources */,
				D4F3DA5E22F027E1002EF0F0 /* AppDelegate.m in Sources */,
				D4211E7126FF236C00E8E766 /* JGSDemoNavigationController.m in Sources */,
				D49BD79126F18AE4005C3AED /* JGSEncryptionDemoViewController.m in Sources */,
			);
			runOnlyForDeploymentPostprocessing = 0;
		};
/* End PBXSourcesBuildPhase section */

/* Begin PBXVariantGroup section */
		D4F3DA6722F027E1002EF0F0 /* LaunchScreen.storyboard */ = {
			isa = PBXVariantGroup;
			children = (
				D4F3DA6822F027E1002EF0F0 /* Base */,
			);
			name = LaunchScreen.storyboard;
			sourceTree = "<group>";
		};
/* End PBXVariantGroup section */

/* Begin XCBuildConfiguration section */
		D4F3DA6D22F027E1002EF0F0 /* Debug */ = {
			isa = XCBuildConfiguration;
			buildSettings = {
				ALWAYS_SEARCH_USER_PATHS = NO;
				CLANG_ANALYZER_NONNULL = YES;
				CLANG_ANALYZER_NUMBER_OBJECT_CONVERSION = YES_AGGRESSIVE;
				CLANG_CXX_LANGUAGE_STANDARD = "gnu++14";
				CLANG_CXX_LIBRARY = "libc++";
				CLANG_ENABLE_MODULES = YES;
				CLANG_ENABLE_OBJC_ARC = YES;
				CLANG_ENABLE_OBJC_WEAK = YES;
				CLANG_WARN_BLOCK_CAPTURE_AUTORELEASING = YES;
				CLANG_WARN_BOOL_CONVERSION = YES;
				CLANG_WARN_COMMA = YES;
				CLANG_WARN_CONSTANT_CONVERSION = YES;
				CLANG_WARN_DEPRECATED_OBJC_IMPLEMENTATIONS = YES;
				CLANG_WARN_DIRECT_OBJC_ISA_USAGE = YES_ERROR;
				CLANG_WARN_DOCUMENTATION_COMMENTS = YES;
				CLANG_WARN_EMPTY_BODY = YES;
				CLANG_WARN_ENUM_CONVERSION = YES;
				CLANG_WARN_INFINITE_RECURSION = YES;
				CLANG_WARN_INT_CONVERSION = YES;
				CLANG_WARN_NON_LITERAL_NULL_CONVERSION = YES;
				CLANG_WARN_OBJC_IMPLICIT_RETAIN_SELF = YES;
				CLANG_WARN_OBJC_LITERAL_CONVERSION = YES;
				CLANG_WARN_OBJC_ROOT_CLASS = YES_ERROR;
				CLANG_WARN_QUOTED_INCLUDE_IN_FRAMEWORK_HEADER = YES;
				CLANG_WARN_RANGE_LOOP_ANALYSIS = YES;
				CLANG_WARN_STRICT_PROTOTYPES = YES;
				CLANG_WARN_SUSPICIOUS_MOVE = YES;
				CLANG_WARN_UNGUARDED_AVAILABILITY = YES_AGGRESSIVE;
				CLANG_WARN_UNREACHABLE_CODE = YES;
				CLANG_WARN__DUPLICATE_METHOD_MATCH = YES;
				CODE_SIGN_IDENTITY = "iPhone Developer";
				COPY_PHASE_STRIP = NO;
				DEBUG_INFORMATION_FORMAT = dwarf;
				ENABLE_STRICT_OBJC_MSGSEND = YES;
				ENABLE_TESTABILITY = YES;
				GCC_C_LANGUAGE_STANDARD = gnu11;
				GCC_DYNAMIC_NO_PIC = NO;
				GCC_NO_COMMON_BLOCKS = YES;
				GCC_OPTIMIZATION_LEVEL = 0;
				GCC_PREPROCESSOR_DEFINITIONS = (
					"DEBUG=1",
					"$(inherited)",
				);
				GCC_WARN_64_TO_32_BIT_CONVERSION = YES;
				GCC_WARN_ABOUT_RETURN_TYPE = YES_ERROR;
				GCC_WARN_UNDECLARED_SELECTOR = YES;
				GCC_WARN_UNINITIALIZED_AUTOS = YES_AGGRESSIVE;
				GCC_WARN_UNUSED_FUNCTION = YES;
				GCC_WARN_UNUSED_VARIABLE = YES;
				IPHONEOS_DEPLOYMENT_TARGET = 11.0;
				MTL_ENABLE_DEBUG_INFO = INCLUDE_SOURCE;
				MTL_FAST_MATH = YES;
				ONLY_ACTIVE_ARCH = YES;
				SDKROOT = iphoneos;
			};
			name = Debug;
		};
		D4F3DA6E22F027E1002EF0F0 /* Release */ = {
			isa = XCBuildConfiguration;
			buildSettings = {
				ALWAYS_SEARCH_USER_PATHS = NO;
				CLANG_ANALYZER_NONNULL = YES;
				CLANG_ANALYZER_NUMBER_OBJECT_CONVERSION = YES_AGGRESSIVE;
				CLANG_CXX_LANGUAGE_STANDARD = "gnu++14";
				CLANG_CXX_LIBRARY = "libc++";
				CLANG_ENABLE_MODULES = YES;
				CLANG_ENABLE_OBJC_ARC = YES;
				CLANG_ENABLE_OBJC_WEAK = YES;
				CLANG_WARN_BLOCK_CAPTURE_AUTORELEASING = YES;
				CLANG_WARN_BOOL_CONVERSION = YES;
				CLANG_WARN_COMMA = YES;
				CLANG_WARN_CONSTANT_CONVERSION = YES;
				CLANG_WARN_DEPRECATED_OBJC_IMPLEMENTATIONS = YES;
				CLANG_WARN_DIRECT_OBJC_ISA_USAGE = YES_ERROR;
				CLANG_WARN_DOCUMENTATION_COMMENTS = YES;
				CLANG_WARN_EMPTY_BODY = YES;
				CLANG_WARN_ENUM_CONVERSION = YES;
				CLANG_WARN_INFINITE_RECURSION = YES;
				CLANG_WARN_INT_CONVERSION = YES;
				CLANG_WARN_NON_LITERAL_NULL_CONVERSION = YES;
				CLANG_WARN_OBJC_IMPLICIT_RETAIN_SELF = YES;
				CLANG_WARN_OBJC_LITERAL_CONVERSION = YES;
				CLANG_WARN_OBJC_ROOT_CLASS = YES_ERROR;
				CLANG_WARN_QUOTED_INCLUDE_IN_FRAMEWORK_HEADER = YES;
				CLANG_WARN_RANGE_LOOP_ANALYSIS = YES;
				CLANG_WARN_STRICT_PROTOTYPES = YES;
				CLANG_WARN_SUSPICIOUS_MOVE = YES;
				CLANG_WARN_UNGUARDED_AVAILABILITY = YES_AGGRESSIVE;
				CLANG_WARN_UNREACHABLE_CODE = YES;
				CLANG_WARN__DUPLICATE_METHOD_MATCH = YES;
				CODE_SIGN_IDENTITY = "iPhone Developer";
				COPY_PHASE_STRIP = NO;
				DEBUG_INFORMATION_FORMAT = "dwarf-with-dsym";
				ENABLE_NS_ASSERTIONS = NO;
				ENABLE_STRICT_OBJC_MSGSEND = YES;
				GCC_C_LANGUAGE_STANDARD = gnu11;
				GCC_NO_COMMON_BLOCKS = YES;
				GCC_WARN_64_TO_32_BIT_CONVERSION = YES;
				GCC_WARN_ABOUT_RETURN_TYPE = YES_ERROR;
				GCC_WARN_UNDECLARED_SELECTOR = YES;
				GCC_WARN_UNINITIALIZED_AUTOS = YES_AGGRESSIVE;
				GCC_WARN_UNUSED_FUNCTION = YES;
				GCC_WARN_UNUSED_VARIABLE = YES;
				IPHONEOS_DEPLOYMENT_TARGET = 11.0;
				MTL_ENABLE_DEBUG_INFO = NO;
				MTL_FAST_MATH = YES;
				SDKROOT = iphoneos;
				SWIFT_COMPILATION_MODE = wholemodule;
				VALIDATE_PRODUCT = YES;
			};
			name = Release;
		};
		D4F3DA7022F027E1002EF0F0 /* Debug */ = {
			isa = XCBuildConfiguration;
			baseConfigurationReference = 710D4D80C389569E98EAD95B /* Pods-JGSourceBaseDemo.debug.xcconfig */;
			buildSettings = {
				ASSETCATALOG_COMPILER_APPICON_NAME = AppIcon;
				CODE_SIGN_ENTITLEMENTS = JGSourceBaseDemo/JGSourceBaseDemo.entitlements;
				CODE_SIGN_IDENTITY = "Apple Development";
				CODE_SIGN_STYLE = Automatic;
				DEVELOPMENT_TEAM = Z28L6TKG58;
				GCC_PRECOMPILE_PREFIX_HEADER = YES;
				GCC_PREFIX_HEADER = "${PROJECT_DIR}/${TARGET_NAME}/PrefixHeader.pch";
				INFOPLIST_FILE = JGSourceBaseDemo/Info.plist;
				LD_RUNPATH_SEARCH_PATHS = (
					"$(inherited)",
					"@executable_path/Frameworks",
				);
				MARKETING_VERSION = 1.2.0;
				PRODUCT_BUNDLE_IDENTIFIER = com.meijigao.JGSourceBaseDemo;
				PRODUCT_NAME = "$(TARGET_NAME)";
				PROVISIONING_PROFILE_SPECIFIER = "";
				TARGETED_DEVICE_FAMILY = "1,2";
			};
			name = Debug;
		};
		D4F3DA7122F027E1002EF0F0 /* Release */ = {
			isa = XCBuildConfiguration;
			baseConfigurationReference = 92F1F5230A6069958E6FE346 /* Pods-JGSourceBaseDemo.release.xcconfig */;
			buildSettings = {
				ASSETCATALOG_COMPILER_APPICON_NAME = AppIcon;
				CODE_SIGN_ENTITLEMENTS = JGSourceBaseDemo/JGSourceBaseDemo.entitlements;
				CODE_SIGN_IDENTITY = "Apple Development";
				CODE_SIGN_STYLE = Automatic;
				DEVELOPMENT_TEAM = Z28L6TKG58;
				GCC_PRECOMPILE_PREFIX_HEADER = YES;
				GCC_PREFIX_HEADER = "${PROJECT_DIR}/${TARGET_NAME}/PrefixHeader.pch";
				INFOPLIST_FILE = JGSourceBaseDemo/Info.plist;
				LD_RUNPATH_SEARCH_PATHS = (
					"$(inherited)",
					"@executable_path/Frameworks",
				);
				MARKETING_VERSION = 1.2.0;
				PRODUCT_BUNDLE_IDENTIFIER = com.meijigao.JGSourceBaseDemo;
				PRODUCT_NAME = "$(TARGET_NAME)";
				PROVISIONING_PROFILE_SPECIFIER = "";
				TARGETED_DEVICE_FAMILY = "1,2";
			};
			name = Release;
		};
/* End XCBuildConfiguration section */

/* Begin XCConfigurationList section */
		D4F3DA5422F027E1002EF0F0 /* Build configuration list for PBXProject "JGSourceBaseDemo" */ = {
			isa = XCConfigurationList;
			buildConfigurations = (
				D4F3DA6D22F027E1002EF0F0 /* Debug */,
				D4F3DA6E22F027E1002EF0F0 /* Release */,
			);
			defaultConfigurationIsVisible = 0;
			defaultConfigurationName = Release;
		};
		D4F3DA6F22F027E1002EF0F0 /* Build configuration list for PBXNativeTarget "JGSourceBaseDemo" */ = {
			isa = XCConfigurationList;
			buildConfigurations = (
				D4F3DA7022F027E1002EF0F0 /* Debug */,
				D4F3DA7122F027E1002EF0F0 /* Release */,
			);
			defaultConfigurationIsVisible = 0;
			defaultConfigurationName = Release;
		};
/* End XCConfigurationList section */
	};
	rootObject = D4F3DA5122F027E1002EF0F0 /* Project object */;
}
