PODS:
  - IQKeyboardManager (6.5.10)
  - JGSourceBase/Base (1.4.1)
  - JGSourceBase/Category (1.4.1):
    - JGSourceBase/Base
    - JGSourceBase/JSON
  - JGSourceBase/JSON (1.4.1):
    - JGSourceBase/Base
  - Masonry (1.1.0)

DEPENDENCIES:
  - IQKeyboardManager (~> 6.5.10)
  - JGSourceBase/Category (from `./..`)
  - Masonry (from `https://github.com/SnapKit/Masonry.git`, commit `8bd77ea92bbe995e14c454f821200b222e5a8804`)

SPEC REPOS:
  https://mirrors.tuna.tsinghua.edu.cn/git/CocoaPods/Specs.git:
    - IQKeyboardManager

EXTERNAL SOURCES:
  JGSourceBase:
    :path: "./.."
  Masonry:
    :commit: 8bd77ea92bbe995e14c454f821200b222e5a8804
    :git: https://github.com/SnapKit/Masonry.git

CHECKOUT OPTIONS:
  Masonry:
    :commit: 8bd77ea92bbe995e14c454f821200b222e5a8804
    :git: https://github.com/SnapKit/Masonry.git

SPEC CHECKSUMS:
  IQKeyboardManager: 45a1fa55c1a5b02c61ac0fd7fd5b62bb4ad20d97
  JGSourceBase: 869867392916dad7d9fc3fb264ae23e0495f6e59
  Masonry: 890751a1008d6f33a97b032f4ecad4870d7eed3a

PODFILE CHECKSUM: 3da64efbb1fb7e419a2ac4e4f2b4cf0f5caca936

COCOAPODS: 1.11.1
