PODS:
  - IQKeyboardManager (6.5.18)
  - JGSourceBase (1.4.5):
    - JGSourceBase/Base (= 1.4.5)
    - JGSourceBase/Category (= 1.4.5)
    - JGSourceBase/DataStorage (= 1.4.5)
    - JGSourceBase/Device (= 1.4.5)
    - JGSourceBase/Encryption (= 1.4.5)
    - JGSourceBase/HUD (= 1.4.5)
    - JGSourceBase/IntegrityCheck (= 1.4.5)
    - JGSourceBase/JSON (= 1.4.5)
    - JGSourceBase/Reachability (= 1.4.5)
    - JGSourceBase/SecurityKeyboard (= 1.4.5)
  - JGSourceBase/Base (1.4.5)
  - JGSourceBase/Category (1.4.5):
    - JGSourceBase/Base
    - JGSourceBase/JSON
  - JGSourceBase/DataStorage (1.4.5):
    - JGSourceBase/Encryption
  - JGSourceBase/Device (1.4.5):
    - JGSourceBase/Category
    - JGSourceBase/Reachability
  - JGSourceBase/Encryption (1.4.5):
    - JGSourceBase/Category
  - JGSourceBase/HUD (1.4.5):
    - JGSourceBase/Category
    - MBProgressHUD (>= 1.2.0)
  - JGSourceBase/IntegrityCheck (1.4.5):
    - JGSourceBase/Encryption
  - JGSourceBase/JSON (1.4.5):
    - JGSourceBase/Base
  - JGSourceBase/Reachability (1.4.5):
    - JGSourceBase/Base
  - JGSourceBase/SecurityKeyboard (1.4.5):
    - JGSourceBase/Category
  - Masonry (1.1.0)
  - MBProgressHUD (1.2.0)
  - SDWebImage (5.19.1):
    - SDWebImage/Core (= 5.19.1)
  - SDWebImage/Core (5.19.1)

DEPENDENCIES:
  - IQKeyboardManager (~> 6.5.18)
  - JGSourceBase (from `./..`)
  - Masonry (from `https://github.com/SnapKit/Masonry.git`, commit `8bd77ea92bbe995e14c454f821200b222e5a8804`)
  - SDWebImage (~> 5.19.1)

SPEC REPOS:
  https://mirrors.tuna.tsinghua.edu.cn/git/CocoaPods/Specs.git:
    - IQKeyboardManager
    - MBProgressHUD
    - SDWebImage

EXTERNAL SOURCES:
  JGSourceBase:
    :path: "./.."
  Masonry:
    :commit: 8bd77ea92bbe995e14c454f821200b222e5a8804
    :git: https://github.com/SnapKit/Masonry.git

CHECKOUT OPTIONS:
  Masonry:
    :commit: 8bd77ea92bbe995e14c454f821200b222e5a8804
    :git: https://github.com/SnapKit/Masonry.git

SPEC CHECKSUMS:
  IQKeyboardManager: 67f92bb29b650c094c40bd11c0545b47bdd25c5b
  JGSourceBase: f391f1f8325205096f2a8cc6ec1e8d9310721323
  Masonry: 890751a1008d6f33a97b032f4ecad4870d7eed3a
  MBProgressHUD: 3ee5efcc380f6a79a7cc9b363dd669c5e1ae7406
  SDWebImage: 40b0b4053e36c660a764958bff99eed16610acbb

PODFILE CHECKSUM: acff011f6e9c1cb4f59eea8856ac9cce1c6106fa

COCOAPODS: 1.16.2
