// !$*UTF8*$!
{
	archiveVersion = 1;
	classes = {
	};
	objectVersion = 50;
	objects = {

/* Begin PBXBuildFile section */
		D42509CA27C292E200BCB62F /* UITextInput+JGSSecurityKeyboard.h in Headers */ = {isa = PBXBuildFile; fileRef = D42509C827C292E200BCB62F /* UITextInput+JGSSecurityKeyboard.h */; settings = {ATTRIBUTES = (Public, ); }; };
		D42509CB27C292E200BCB62F /* UITextInput+JGSSecurityKeyboard.m in Sources */ = {isa = PBXBuildFile; fileRef = D42509C927C292E200BCB62F /* UITextInput+JGSSecurityKeyboard.m */; };
		D47C3C5A27B4F96500521310 /* JGSSecurityKeyboard.h in Headers */ = {isa = PBXBuildFile; fileRef = D47C3C5827B4F96500521310 /* JGSSecurityKeyboard.h */; settings = {ATTRIBUTES = (Public, ); }; };
		D47C3C6127B4FBC600521310 /* JGSSecurityKeyboard.m in Sources */ = {isa = PBXBuildFile; fileRef = D47C3C6027B4FBC600521310 /* JGSSecurityKeyboard.m */; };
		D47C3C6E27B4FC6400521310 /* JGSBaseKeyboard.h in Headers */ = {isa = PBXBuildFile; fileRef = D47C3C6227B4FC6400521310 /* JGSBaseKeyboard.h */; };
		D47C3C6F27B4FC6400521310 /* JGSSymbolKeyboard.h in Headers */ = {isa = PBXBuildFile; fileRef = D47C3C6327B4FC6400521310 /* JGSSymbolKeyboard.h */; };
		D47C3C7027B4FC6400521310 /* JGSKeyboardToolbar.m in Sources */ = {isa = PBXBuildFile; fileRef = D47C3C6427B4FC6400521310 /* JGSKeyboardToolbar.m */; };
		D47C3C7127B4FC6400521310 /* JGSKeyboardConstants.h in Headers */ = {isa = PBXBuildFile; fileRef = D47C3C6527B4FC6400521310 /* JGSKeyboardConstants.h */; };
		D47C3C7227B4FC6400521310 /* JGSLetterKeyboard.h in Headers */ = {isa = PBXBuildFile; fileRef = D47C3C6627B4FC6400521310 /* JGSLetterKeyboard.h */; };
		D47C3C7327B4FC6400521310 /* JGSKeyboardConstants.m in Sources */ = {isa = PBXBuildFile; fileRef = D47C3C6727B4FC6400521310 /* JGSKeyboardConstants.m */; };
		D47C3C7427B4FC6400521310 /* JGSLetterKeyboard.m in Sources */ = {isa = PBXBuildFile; fileRef = D47C3C6827B4FC6400521310 /* JGSLetterKeyboard.m */; };
		D47C3C7527B4FC6400521310 /* JGSNumberKeyboard.h in Headers */ = {isa = PBXBuildFile; fileRef = D47C3C6927B4FC6400521310 /* JGSNumberKeyboard.h */; };
		D47C3C7627B4FC6400521310 /* JGSKeyboardToolbar.h in Headers */ = {isa = PBXBuildFile; fileRef = D47C3C6A27B4FC6400521310 /* JGSKeyboardToolbar.h */; };
		D47C3C7727B4FC6400521310 /* JGSNumberKeyboard.m in Sources */ = {isa = PBXBuildFile; fileRef = D47C3C6B27B4FC6400521310 /* JGSNumberKeyboard.m */; };
		D47C3C7827B4FC6400521310 /* JGSSymbolKeyboard.m in Sources */ = {isa = PBXBuildFile; fileRef = D47C3C6C27B4FC6400521310 /* JGSSymbolKeyboard.m */; };
		D47C3C7927B4FC6400521310 /* JGSBaseKeyboard.m in Sources */ = {isa = PBXBuildFile; fileRef = D47C3C6D27B4FC6400521310 /* JGSBaseKeyboard.m */; };
		FF6761F497C07FDDDA994505 /* libPods-JGSSecurityKeyboard.a in Frameworks */ = {isa = PBXBuildFile; fileRef = 13E5FC3FB96647D906F1DE99 /* libPods-JGSSecurityKeyboard.a */; };
/* End PBXBuildFile section */

/* Begin PBXFileReference section */
		13E5FC3FB96647D906F1DE99 /* libPods-JGSSecurityKeyboard.a */ = {isa = PBXFileReference; explicitFileType = archive.ar; includeInIndex = 0; path = "libPods-JGSSecurityKeyboard.a"; sourceTree = BUILT_PRODUCTS_DIR; };
		59D44955CAE822A62167E16E /* Pods-JGSSecurityKeyboard.debug.xcconfig */ = {isa = PBXFileReference; includeInIndex = 1; lastKnownFileType = text.xcconfig; name = "Pods-JGSSecurityKeyboard.debug.xcconfig"; path = "Target Support Files/Pods-JGSSecurityKeyboard/Pods-JGSSecurityKeyboard.debug.xcconfig"; sourceTree = "<group>"; };
		79EA1695453CB79FC24A3EF1 /* Pods-JGSSecurityKeyboard.release.xcconfig */ = {isa = PBXFileReference; includeInIndex = 1; lastKnownFileType = text.xcconfig; name = "Pods-JGSSecurityKeyboard.release.xcconfig"; path = "Target Support Files/Pods-JGSSecurityKeyboard/Pods-JGSSecurityKeyboard.release.xcconfig"; sourceTree = "<group>"; };
		D42509C827C292E200BCB62F /* UITextInput+JGSSecurityKeyboard.h */ = {isa = PBXFileReference; fileEncoding = 4; lastKnownFileType = sourcecode.c.h; path = "UITextInput+JGSSecurityKeyboard.h"; sourceTree = "<group>"; };
		D42509C927C292E200BCB62F /* UITextInput+JGSSecurityKeyboard.m */ = {isa = PBXFileReference; fileEncoding = 4; lastKnownFileType = sourcecode.c.objc; path = "UITextInput+JGSSecurityKeyboard.m"; sourceTree = "<group>"; };
		D47C3C5527B4F96500521310 /* JGSSecurityKeyboard.framework */ = {isa = PBXFileReference; explicitFileType = wrapper.framework; includeInIndex = 0; path = JGSSecurityKeyboard.framework; sourceTree = BUILT_PRODUCTS_DIR; };
		D47C3C5827B4F96500521310 /* JGSSecurityKeyboard.h */ = {isa = PBXFileReference; lastKnownFileType = sourcecode.c.h; path = JGSSecurityKeyboard.h; sourceTree = "<group>"; };
		D47C3C5927B4F96500521310 /* Info.plist */ = {isa = PBXFileReference; lastKnownFileType = text.plist.xml; path = Info.plist; sourceTree = "<group>"; };
		D47C3C6027B4FBC600521310 /* JGSSecurityKeyboard.m */ = {isa = PBXFileReference; lastKnownFileType = sourcecode.c.objc; path = JGSSecurityKeyboard.m; sourceTree = "<group>"; };
		D47C3C6227B4FC6400521310 /* JGSBaseKeyboard.h */ = {isa = PBXFileReference; fileEncoding = 4; lastKnownFileType = sourcecode.c.h; path = JGSBaseKeyboard.h; sourceTree = "<group>"; };
		D47C3C6327B4FC6400521310 /* JGSSymbolKeyboard.h */ = {isa = PBXFileReference; fileEncoding = 4; lastKnownFileType = sourcecode.c.h; path = JGSSymbolKeyboard.h; sourceTree = "<group>"; };
		D47C3C6427B4FC6400521310 /* JGSKeyboardToolbar.m */ = {isa = PBXFileReference; fileEncoding = 4; lastKnownFileType = sourcecode.c.objc; path = JGSKeyboardToolbar.m; sourceTree = "<group>"; };
		D47C3C6527B4FC6400521310 /* JGSKeyboardConstants.h */ = {isa = PBXFileReference; fileEncoding = 4; lastKnownFileType = sourcecode.c.h; path = JGSKeyboardConstants.h; sourceTree = "<group>"; };
		D47C3C6627B4FC6400521310 /* JGSLetterKeyboard.h */ = {isa = PBXFileReference; fileEncoding = 4; lastKnownFileType = sourcecode.c.h; path = JGSLetterKeyboard.h; sourceTree = "<group>"; };
		D47C3C6727B4FC6400521310 /* JGSKeyboardConstants.m */ = {isa = PBXFileReference; fileEncoding = 4; lastKnownFileType = sourcecode.c.objc; path = JGSKeyboardConstants.m; sourceTree = "<group>"; };
		D47C3C6827B4FC6400521310 /* JGSLetterKeyboard.m */ = {isa = PBXFileReference; fileEncoding = 4; lastKnownFileType = sourcecode.c.objc; path = JGSLetterKeyboard.m; sourceTree = "<group>"; };
		D47C3C6927B4FC6400521310 /* JGSNumberKeyboard.h */ = {isa = PBXFileReference; fileEncoding = 4; lastKnownFileType = sourcecode.c.h; path = JGSNumberKeyboard.h; sourceTree = "<group>"; };
		D47C3C6A27B4FC6400521310 /* JGSKeyboardToolbar.h */ = {isa = PBXFileReference; fileEncoding = 4; lastKnownFileType = sourcecode.c.h; path = JGSKeyboardToolbar.h; sourceTree = "<group>"; };
		D47C3C6B27B4FC6400521310 /* JGSNumberKeyboard.m */ = {isa = PBXFileReference; fileEncoding = 4; lastKnownFileType = sourcecode.c.objc; path = JGSNumberKeyboard.m; sourceTree = "<group>"; };
		D47C3C6C27B4FC6400521310 /* JGSSymbolKeyboard.m */ = {isa = PBXFileReference; fileEncoding = 4; lastKnownFileType = sourcecode.c.objc; path = JGSSymbolKeyboard.m; sourceTree = "<group>"; };
		D47C3C6D27B4FC6400521310 /* JGSBaseKeyboard.m */ = {isa = PBXFileReference; fileEncoding = 4; lastKnownFileType = sourcecode.c.objc; path = JGSBaseKeyboard.m; sourceTree = "<group>"; };
/* End PBXFileReference section */

/* Begin PBXFrameworksBuildPhase section */
		D47C3C5227B4F96500521310 /* Frameworks */ = {
			isa = PBXFrameworksBuildPhase;
			buildActionMask = 2147483647;
			files = (
				FF6761F497C07FDDDA994505 /* libPods-JGSSecurityKeyboard.a in Frameworks */,
			);
			runOnlyForDeploymentPostprocessing = 0;
		};
/* End PBXFrameworksBuildPhase section */

/* Begin PBXGroup section */
		494549288D276240D18F09CA /* Pods */ = {
			isa = PBXGroup;
			children = (
				59D44955CAE822A62167E16E /* Pods-JGSSecurityKeyboard.debug.xcconfig */,
				79EA1695453CB79FC24A3EF1 /* Pods-JGSSecurityKeyboard.release.xcconfig */,
			);
			name = Pods;
			path = ../Pods;
			sourceTree = "<group>";
		};
		9D1F6C883A07C548D8ED449F /* Frameworks */ = {
			isa = PBXGroup;
			children = (
				13E5FC3FB96647D906F1DE99 /* libPods-JGSSecurityKeyboard.a */,
			);
			name = Frameworks;
			sourceTree = "<group>";
		};
		D47C3C4B27B4F96500521310 = {
			isa = PBXGroup;
			children = (
				D47C3C5727B4F96500521310 /* JGSSecurityKeyboard */,
				D47C3C5627B4F96500521310 /* Products */,
				494549288D276240D18F09CA /* Pods */,
				9D1F6C883A07C548D8ED449F /* Frameworks */,
			);
			sourceTree = "<group>";
		};
		D47C3C5627B4F96500521310 /* Products */ = {
			isa = PBXGroup;
			children = (
				D47C3C5527B4F96500521310 /* JGSSecurityKeyboard.framework */,
			);
			name = Products;
			sourceTree = "<group>";
		};
		D47C3C5727B4F96500521310 /* JGSSecurityKeyboard */ = {
			isa = PBXGroup;
			children = (
				D47C3C5927B4F96500521310 /* Info.plist */,
				D47C3C6227B4FC6400521310 /* JGSBaseKeyboard.h */,
				D47C3C6D27B4FC6400521310 /* JGSBaseKeyboard.m */,
				D47C3C6527B4FC6400521310 /* JGSKeyboardConstants.h */,
				D47C3C6727B4FC6400521310 /* JGSKeyboardConstants.m */,
				D47C3C6A27B4FC6400521310 /* JGSKeyboardToolbar.h */,
				D47C3C6427B4FC6400521310 /* JGSKeyboardToolbar.m */,
				D47C3C6627B4FC6400521310 /* JGSLetterKeyboard.h */,
				D47C3C6827B4FC6400521310 /* JGSLetterKeyboard.m */,
				D47C3C6927B4FC6400521310 /* JGSNumberKeyboard.h */,
				D47C3C6B27B4FC6400521310 /* JGSNumberKeyboard.m */,
				D47C3C5827B4F96500521310 /* JGSSecurityKeyboard.h */,
				D47C3C6027B4FBC600521310 /* JGSSecurityKeyboard.m */,
				D47C3C6327B4FC6400521310 /* JGSSymbolKeyboard.h */,
				D47C3C6C27B4FC6400521310 /* JGSSymbolKeyboard.m */,
				D42509C827C292E200BCB62F /* UITextInput+JGSSecurityKeyboard.h */,
				D42509C927C292E200BCB62F /* UITextInput+JGSSecurityKeyboard.m */,
			);
			path = JGSSecurityKeyboard;
			sourceTree = "<group>";
		};
/* End PBXGroup section */

/* Begin PBXHeadersBuildPhase section */
		D47C3C5027B4F96500521310 /* Headers */ = {
			isa = PBXHeadersBuildPhase;
			buildActionMask = 2147483647;
			files = (
				D47C3C6F27B4FC6400521310 /* JGSSymbolKeyboard.h in Headers */,
				D47C3C7627B4FC6400521310 /* JGSKeyboardToolbar.h in Headers */,
				D42509CA27C292E200BCB62F /* UITextInput+JGSSecurityKeyboard.h in Headers */,
				D47C3C5A27B4F96500521310 /* JGSSecurityKeyboard.h in Headers */,
				D47C3C7127B4FC6400521310 /* JGSKeyboardConstants.h in Headers */,
				D47C3C7227B4FC6400521310 /* JGSLetterKeyboard.h in Headers */,
				D47C3C6E27B4FC6400521310 /* JGSBaseKeyboard.h in Headers */,
				D47C3C7527B4FC6400521310 /* JGSNumberKeyboard.h in Headers */,
			);
			runOnlyForDeploymentPostprocessing = 0;
		};
/* End PBXHeadersBuildPhase section */

/* Begin PBXNativeTarget section */
		D47C3C5427B4F96500521310 /* JGSSecurityKeyboard */ = {
			isa = PBXNativeTarget;
			buildConfigurationList = D47C3C5D27B4F96500521310 /* Build configuration list for PBXNativeTarget "JGSSecurityKeyboard" */;
			buildPhases = (
				61E3D0C87AAD89CAD8DA0C0F /* [CP] Check Pods Manifest.lock */,
				D47C3C5027B4F96500521310 /* Headers */,
				D47C3C5127B4F96500521310 /* Sources */,
				D47C3C5227B4F96500521310 /* Frameworks */,
				D47C3C5327B4F96500521310 /* Resources */,
				D47C3D0327B62CA300521310 /* ShellScript */,
			);
			buildRules = (
			);
			dependencies = (
			);
			name = JGSSecurityKeyboard;
			productName = JGSSecurityKeyboard;
			productReference = D47C3C5527B4F96500521310 /* JGSSecurityKeyboard.framework */;
			productType = "com.apple.product-type.framework";
		};
/* End PBXNativeTarget section */

/* Begin PBXProject section */
		D47C3C4C27B4F96500521310 /* Project object */ = {
			isa = PBXProject;
			attributes = {
				CLASSPREFIX = JGS;
				DefaultBuildSystemTypeForWorkspace = Latest;
				LastUpgradeCheck = 1250;
				ORGANIZATIONNAME = MeiJiGao;
				TargetAttributes = {
					D47C3C5427B4F96500521310 = {
						CreatedOnToolsVersion = 12.5.1;
					};
				};
			};
			buildConfigurationList = D47C3C4F27B4F96500521310 /* Build configuration list for PBXProject "JGSSecurityKeyboard" */;
			compatibilityVersion = "Xcode 9.3";
			developmentRegion = en;
			hasScannedForEncodings = 0;
			knownRegions = (
				en,
				Base,
			);
			mainGroup = D47C3C4B27B4F96500521310;
			productRefGroup = D47C3C5627B4F96500521310 /* Products */;
			projectDirPath = "";
			projectRoot = "";
			targets = (
				D47C3C5427B4F96500521310 /* JGSSecurityKeyboard */,
			);
		};
/* End PBXProject section */

/* Begin PBXResourcesBuildPhase section */
		D47C3C5327B4F96500521310 /* Resources */ = {
			isa = PBXResourcesBuildPhase;
			buildActionMask = 2147483647;
			files = (
			);
			runOnlyForDeploymentPostprocessing = 0;
		};
/* End PBXResourcesBuildPhase section */

/* Begin PBXShellScriptBuildPhase section */
		61E3D0C87AAD89CAD8DA0C0F /* [CP] Check Pods Manifest.lock */ = {
			isa = PBXShellScriptBuildPhase;
			buildActionMask = 2147483647;
			files = (
			);
			inputFileListPaths = (
			);
			inputPaths = (
				"${PODS_PODFILE_DIR_PATH}/Podfile.lock",
				"${PODS_ROOT}/Manifest.lock",
			);
			name = "[CP] Check Pods Manifest.lock";
			outputFileListPaths = (
			);
			outputPaths = (
				"$(DERIVED_FILE_DIR)/Pods-JGSSecurityKeyboard-checkManifestLockResult.txt",
			);
			runOnlyForDeploymentPostprocessing = 0;
			shellPath = /bin/sh;
			shellScript = "diff \"${PODS_PODFILE_DIR_PATH}/Podfile.lock\" \"${PODS_ROOT}/Manifest.lock\" > /dev/null\nif [ $? != 0 ] ; then\n    # print error to STDERR\n    echo \"error: The sandbox is not in sync with the Podfile.lock. Run 'pod install' or update your CocoaPods installation.\" >&2\n    exit 1\nfi\n# This output is used by Xcode 'outputs' to avoid re-running this script phase.\necho \"SUCCESS\" > \"${SCRIPT_OUTPUT_FILE_0}\"\n";
			showEnvVarsInLog = 0;
		};
		D47C3D0327B62CA300521310 /* ShellScript */ = {
			isa = PBXShellScriptBuildPhase;
			buildActionMask = 2147483647;
			files = (
			);
			inputFileListPaths = (
			);
			inputPaths = (
			);
			outputFileListPaths = (
			);
			outputPaths = (
			);
			runOnlyForDeploymentPostprocessing = 0;
			shellPath = /bin/sh;
			shellScript = "# Type a script or drag a script file from your workspace to insert its path.\n\necho \"执行自定义脚本\"\nchmod +x ${PROJECT_DIR}/../JGSModifyVersion.sh # sh执行权限\n${PROJECT_DIR}/../JGSModifyVersion.sh # 执行sh\n";
		};
/* End PBXShellScriptBuildPhase section */

/* Begin PBXSourcesBuildPhase section */
		D47C3C5127B4F96500521310 /* Sources */ = {
			isa = PBXSourcesBuildPhase;
			buildActionMask = 2147483647;
			files = (
				D47C3C6127B4FBC600521310 /* JGSSecurityKeyboard.m in Sources */,
				D47C3C7027B4FC6400521310 /* JGSKeyboardToolbar.m in Sources */,
				D47C3C7327B4FC6400521310 /* JGSKeyboardConstants.m in Sources */,
				D47C3C7827B4FC6400521310 /* JGSSymbolKeyboard.m in Sources */,
				D47C3C7927B4FC6400521310 /* JGSBaseKeyboard.m in Sources */,
				D47C3C7727B4FC6400521310 /* JGSNumberKeyboard.m in Sources */,
				D47C3C7427B4FC6400521310 /* JGSLetterKeyboard.m in Sources */,
				D42509CB27C292E200BCB62F /* UITextInput+JGSSecurityKeyboard.m in Sources */,
			);
			runOnlyForDeploymentPostprocessing = 0;
		};
/* End PBXSourcesBuildPhase section */

/* Begin XCBuildConfiguration section */
		D47C3C5B27B4F96500521310 /* Debug */ = {
			isa = XCBuildConfiguration;
			buildSettings = {
				ALWAYS_SEARCH_USER_PATHS = NO;
				CLANG_ANALYZER_NONNULL = YES;
				CLANG_ANALYZER_NUMBER_OBJECT_CONVERSION = YES_AGGRESSIVE;
				CLANG_CXX_LANGUAGE_STANDARD = "gnu++14";
				CLANG_CXX_LIBRARY = "libc++";
				CLANG_ENABLE_MODULES = YES;
				CLANG_ENABLE_OBJC_ARC = YES;
				CLANG_ENABLE_OBJC_WEAK = YES;
				CLANG_WARN_BLOCK_CAPTURE_AUTORELEASING = YES;
				CLANG_WARN_BOOL_CONVERSION = YES;
				CLANG_WARN_COMMA = YES;
				CLANG_WARN_CONSTANT_CONVERSION = YES;
				CLANG_WARN_DEPRECATED_OBJC_IMPLEMENTATIONS = YES;
				CLANG_WARN_DIRECT_OBJC_ISA_USAGE = YES_ERROR;
				CLANG_WARN_DOCUMENTATION_COMMENTS = YES;
				CLANG_WARN_EMPTY_BODY = YES;
				CLANG_WARN_ENUM_CONVERSION = YES;
				CLANG_WARN_INFINITE_RECURSION = YES;
				CLANG_WARN_INT_CONVERSION = YES;
				CLANG_WARN_NON_LITERAL_NULL_CONVERSION = YES;
				CLANG_WARN_OBJC_IMPLICIT_RETAIN_SELF = YES;
				CLANG_WARN_OBJC_LITERAL_CONVERSION = YES;
				CLANG_WARN_OBJC_ROOT_CLASS = YES_ERROR;
				CLANG_WARN_QUOTED_INCLUDE_IN_FRAMEWORK_HEADER = YES;
				CLANG_WARN_RANGE_LOOP_ANALYSIS = YES;
				CLANG_WARN_STRICT_PROTOTYPES = YES;
				CLANG_WARN_SUSPICIOUS_MOVE = YES;
				CLANG_WARN_UNGUARDED_AVAILABILITY = YES_AGGRESSIVE;
				CLANG_WARN_UNREACHABLE_CODE = YES;
				CLANG_WARN__DUPLICATE_METHOD_MATCH = YES;
				COPY_PHASE_STRIP = NO;
				CURRENT_PROJECT_VERSION = 1;
				DEBUG_INFORMATION_FORMAT = dwarf;
				ENABLE_STRICT_OBJC_MSGSEND = YES;
				ENABLE_TESTABILITY = YES;
				GCC_C_LANGUAGE_STANDARD = gnu11;
				GCC_DYNAMIC_NO_PIC = NO;
				GCC_NO_COMMON_BLOCKS = YES;
				GCC_OPTIMIZATION_LEVEL = 0;
				GCC_PREPROCESSOR_DEFINITIONS = (
					"DEBUG=1",
					"$(inherited)",
				);
				GCC_WARN_64_TO_32_BIT_CONVERSION = YES;
				GCC_WARN_ABOUT_RETURN_TYPE = YES_ERROR;
				GCC_WARN_UNDECLARED_SELECTOR = YES;
				GCC_WARN_UNINITIALIZED_AUTOS = YES_AGGRESSIVE;
				GCC_WARN_UNUSED_FUNCTION = YES;
				GCC_WARN_UNUSED_VARIABLE = YES;
				IPHONEOS_DEPLOYMENT_TARGET = 11.0;
				MTL_ENABLE_DEBUG_INFO = INCLUDE_SOURCE;
				MTL_FAST_MATH = YES;
				ONLY_ACTIVE_ARCH = YES;
				SDKROOT = iphoneos;
				VERSIONING_SYSTEM = "apple-generic";
				VERSION_INFO_PREFIX = "";
			};
			name = Debug;
		};
		D47C3C5C27B4F96500521310 /* Release */ = {
			isa = XCBuildConfiguration;
			buildSettings = {
				ALWAYS_SEARCH_USER_PATHS = NO;
				CLANG_ANALYZER_NONNULL = YES;
				CLANG_ANALYZER_NUMBER_OBJECT_CONVERSION = YES_AGGRESSIVE;
				CLANG_CXX_LANGUAGE_STANDARD = "gnu++14";
				CLANG_CXX_LIBRARY = "libc++";
				CLANG_ENABLE_MODULES = YES;
				CLANG_ENABLE_OBJC_ARC = YES;
				CLANG_ENABLE_OBJC_WEAK = YES;
				CLANG_WARN_BLOCK_CAPTURE_AUTORELEASING = YES;
				CLANG_WARN_BOOL_CONVERSION = YES;
				CLANG_WARN_COMMA = YES;
				CLANG_WARN_CONSTANT_CONVERSION = YES;
				CLANG_WARN_DEPRECATED_OBJC_IMPLEMENTATIONS = YES;
				CLANG_WARN_DIRECT_OBJC_ISA_USAGE = YES_ERROR;
				CLANG_WARN_DOCUMENTATION_COMMENTS = YES;
				CLANG_WARN_EMPTY_BODY = YES;
				CLANG_WARN_ENUM_CONVERSION = YES;
				CLANG_WARN_INFINITE_RECURSION = YES;
				CLANG_WARN_INT_CONVERSION = YES;
				CLANG_WARN_NON_LITERAL_NULL_CONVERSION = YES;
				CLANG_WARN_OBJC_IMPLICIT_RETAIN_SELF = YES;
				CLANG_WARN_OBJC_LITERAL_CONVERSION = YES;
				CLANG_WARN_OBJC_ROOT_CLASS = YES_ERROR;
				CLANG_WARN_QUOTED_INCLUDE_IN_FRAMEWORK_HEADER = YES;
				CLANG_WARN_RANGE_LOOP_ANALYSIS = YES;
				CLANG_WARN_STRICT_PROTOTYPES = YES;
				CLANG_WARN_SUSPICIOUS_MOVE = YES;
				CLANG_WARN_UNGUARDED_AVAILABILITY = YES_AGGRESSIVE;
				CLANG_WARN_UNREACHABLE_CODE = YES;
				CLANG_WARN__DUPLICATE_METHOD_MATCH = YES;
				COPY_PHASE_STRIP = NO;
				CURRENT_PROJECT_VERSION = 1;
				DEBUG_INFORMATION_FORMAT = "dwarf-with-dsym";
				ENABLE_NS_ASSERTIONS = NO;
				ENABLE_STRICT_OBJC_MSGSEND = YES;
				GCC_C_LANGUAGE_STANDARD = gnu11;
				GCC_NO_COMMON_BLOCKS = YES;
				GCC_WARN_64_TO_32_BIT_CONVERSION = YES;
				GCC_WARN_ABOUT_RETURN_TYPE = YES_ERROR;
				GCC_WARN_UNDECLARED_SELECTOR = YES;
				GCC_WARN_UNINITIALIZED_AUTOS = YES_AGGRESSIVE;
				GCC_WARN_UNUSED_FUNCTION = YES;
				GCC_WARN_UNUSED_VARIABLE = YES;
				IPHONEOS_DEPLOYMENT_TARGET = 11.0;
				MTL_ENABLE_DEBUG_INFO = NO;
				MTL_FAST_MATH = YES;
				SDKROOT = iphoneos;
				VALIDATE_PRODUCT = YES;
				VERSIONING_SYSTEM = "apple-generic";
				VERSION_INFO_PREFIX = "";
			};
			name = Release;
		};
		D47C3C5E27B4F96500521310 /* Debug */ = {
			isa = XCBuildConfiguration;
			baseConfigurationReference = 59D44955CAE822A62167E16E /* Pods-JGSSecurityKeyboard.debug.xcconfig */;
			buildSettings = {
				CODE_SIGN_STYLE = Automatic;
				DEFINES_MODULE = YES;
				DEVELOPMENT_TEAM = Z28L6TKG58;
				DYLIB_COMPATIBILITY_VERSION = 1;
				DYLIB_CURRENT_VERSION = 1;
				DYLIB_INSTALL_NAME_BASE = "@rpath";
				INFOPLIST_FILE = JGSSecurityKeyboard/Info.plist;
				INSTALL_PATH = "$(LOCAL_LIBRARY_DIR)/Frameworks";
				LD_RUNPATH_SEARCH_PATHS = (
					"$(inherited)",
					"@executable_path/Frameworks",
					"@loader_path/Frameworks",
				);
				PRODUCT_BUNDLE_IDENTIFIER = com.meijigao.JGSSecurityKeyboard;
				PRODUCT_NAME = "$(TARGET_NAME:c99extidentifier)";
				SKIP_INSTALL = YES;
				TARGETED_DEVICE_FAMILY = "1,2";
			};
			name = Debug;
		};
		D47C3C5F27B4F96500521310 /* Release */ = {
			isa = XCBuildConfiguration;
			baseConfigurationReference = 79EA1695453CB79FC24A3EF1 /* Pods-JGSSecurityKeyboard.release.xcconfig */;
			buildSettings = {
				CODE_SIGN_STYLE = Automatic;
				DEFINES_MODULE = YES;
				DEVELOPMENT_TEAM = Z28L6TKG58;
				DYLIB_COMPATIBILITY_VERSION = 1;
				DYLIB_CURRENT_VERSION = 1;
				DYLIB_INSTALL_NAME_BASE = "@rpath";
				INFOPLIST_FILE = JGSSecurityKeyboard/Info.plist;
				INSTALL_PATH = "$(LOCAL_LIBRARY_DIR)/Frameworks";
				LD_RUNPATH_SEARCH_PATHS = (
					"$(inherited)",
					"@executable_path/Frameworks",
					"@loader_path/Frameworks",
				);
				PRODUCT_BUNDLE_IDENTIFIER = com.meijigao.JGSSecurityKeyboard;
				PRODUCT_NAME = "$(TARGET_NAME:c99extidentifier)";
				SKIP_INSTALL = YES;
				TARGETED_DEVICE_FAMILY = "1,2";
			};
			name = Release;
		};
/* End XCBuildConfiguration section */

/* Begin XCConfigurationList section */
		D47C3C4F27B4F96500521310 /* Build configuration list for PBXProject "JGSSecurityKeyboard" */ = {
			isa = XCConfigurationList;
			buildConfigurations = (
				D47C3C5B27B4F96500521310 /* Debug */,
				D47C3C5C27B4F96500521310 /* Release */,
			);
			defaultConfigurationIsVisible = 0;
			defaultConfigurationName = Release;
		};
		D47C3C5D27B4F96500521310 /* Build configuration list for PBXNativeTarget "JGSSecurityKeyboard" */ = {
			isa = XCConfigurationList;
			buildConfigurations = (
				D47C3C5E27B4F96500521310 /* Debug */,
				D47C3C5F27B4F96500521310 /* Release */,
			);
			defaultConfigurationIsVisible = 0;
			defaultConfigurationName = Release;
		};
/* End XCConfigurationList section */
	};
	rootObject = D47C3C4C27B4F96500521310 /* Project object */;
}
